
Microsoft Visual Studio Solution File, Format Version 11.00
# Visual Studio 2010
Project("{FAE04EC0-301F-11D3-BF4B-00C04F79EFBC}") = "Kang.Algorithm.BaseLib", "Kang.Algorithm.BaseLib\Kang.Algorithm.BaseLib.csproj", "{00D99943-038E-4583-AD9E-760936006716}"
EndProject
Project("{FAE04EC0-301F-11D3-BF4B-00C04F79EFBC}") = "Problem001", "Problem001\Problem001.csproj", "{F48B2E42-A3BE-47AF-9B5E-25D3F4CF721C}"
EndProject
Project("{2150E333-8FDC-42A3-9474-1A3956D46DE8}") = "Solved", "Solved", "{0D427149-166D-4DA2-8200-AC90D09861F6}"
EndProject
Project("{FAE04EC0-301F-11D3-BF4B-00C04F79EFBC}") = "Problem002", "Problem002\Problem002.csproj", "{DB17A8BF-0C24-48D2-ADEF-D2945C00AD8D}"
EndProject
Project("{FAE04EC0-301F-11D3-BF4B-00C04F79EFBC}") = "Problem003", "Problem003\Problem003.csproj", "{9A02679D-276E-450E-803D-02D9D0B23389}"
EndProject
Project("{FAE04EC0-301F-11D3-BF4B-00C04F79EFBC}") = "Problem004", "Problem004\Problem004.csproj", "{B64439A8-025C-4689-A3FE-EE09E5EAD842}"
EndProject
Project("{FAE04EC0-301F-11D3-BF4B-00C04F79EFBC}") = "Problem005", "Problem005\Problem005.csproj", "{144B1445-07D0-47E0-AD29-2AD4AE56820F}"
EndProject
Project("{FAE04EC0-301F-11D3-BF4B-00C04F79EFBC}") = "Problem006", "Problem006\Problem006.csproj", "{EA97DDD3-A86D-44AC-88BE-81E6CE8381A6}"
EndProject
Project("{2150E333-8FDC-42A3-9474-1A3956D46DE8}") = "Solution Items", "Solution Items", "{B4D2C703-A974-4712-9B4A-ABD6A28ABF8B}"
	ProjectSection(SolutionItems) = preProject
		Local.testsettings = Local.testsettings
		ProjectEulerResolves.vsmdi = ProjectEulerResolves.vsmdi
		TraceAndTestImpact.testsettings = TraceAndTestImpact.testsettings
	EndProjectSection
EndProject
Project("{FAE04EC0-301F-11D3-BF4B-00C04F79EFBC}") = "Problem007", "Problem007\Problem007.csproj", "{605E9989-51B7-4787-86B6-D9F8B906CAF1}"
EndProject
Project("{FAE04EC0-301F-11D3-BF4B-00C04F79EFBC}") = "Problem009", "Problem009\Problem009.csproj", "{55B10379-56BD-453D-8D33-F2A773D4C0B6}"
EndProject
Project("{FAE04EC0-301F-11D3-BF4B-00C04F79EFBC}") = "Problem010", "Problem010\Problem010.csproj", "{0362E3C9-1779-4C45-AC94-FD50DE3DC486}"
EndProject
Project("{FAE04EC0-301F-11D3-BF4B-00C04F79EFBC}") = "Problem011", "Problem011\Problem011.csproj", "{D3605741-998F-4D05-9DFE-95B9330B91DF}"
EndProject
Project("{FAE04EC0-301F-11D3-BF4B-00C04F79EFBC}") = "Problem012", "Problem012\Problem012.csproj", "{650A4B9D-E7A5-4E58-B947-0654201ED3C5}"
EndProject
Project("{FAE04EC0-301F-11D3-BF4B-00C04F79EFBC}") = "Problem008", "Problem008\Problem008.csproj", "{CBA7AFA4-8821-4321-A4CD-FECD17707775}"
EndProject
Project("{FAE04EC0-301F-11D3-BF4B-00C04F79EFBC}") = "Problem12", "Problem12\Problem12.csproj", "{62E246FB-8FC9-4F9B-9C78-5B1EC48CBAC5}"
EndProject
Project("{FAE04EC0-301F-11D3-BF4B-00C04F79EFBC}") = "Problem014", "Problem014\Problem014.csproj", "{3F99999B-5AE0-42AE-9F95-74F18CC3AD83}"
EndProject
Project("{FAE04EC0-301F-11D3-BF4B-00C04F79EFBC}") = "Problem016", "Problem016\Problem016.csproj", "{B64E7123-6062-423E-83B4-B4DBCAE33234}"
EndProject
Project("{FAE04EC0-301F-11D3-BF4B-00C04F79EFBC}") = "Problem015", "Problem015\Problem015.csproj", "{97F8BB1D-CA55-4A4D-9601-4917FB657212}"
EndProject
Project("{FAE04EC0-301F-11D3-BF4B-00C04F79EFBC}") = "Problem017", "Problem017\Problem017.csproj", "{F6D57B0A-CEFF-4B64-9A3F-EAA1917BEB16}"
EndProject
Project("{FAE04EC0-301F-11D3-BF4B-00C04F79EFBC}") = "Problem018", "Problem018\Problem018.csproj", "{FB73B971-7ADC-4677-B88F-20BD48B7C389}"
EndProject
Project("{FAE04EC0-301F-11D3-BF4B-00C04F79EFBC}") = "Problem019", "Problem019\Problem019.csproj", "{FAE25E78-B936-4EFF-9FAE-3A8C5AB84A58}"
EndProject
Project("{FAE04EC0-301F-11D3-BF4B-00C04F79EFBC}") = "Problem020", "Problem020\Problem020.csproj", "{F09E04DA-AFB3-411D-B8D1-EC0D53E9860B}"
EndProject
Project("{FAE04EC0-301F-11D3-BF4B-00C04F79EFBC}") = "Problem021", "Problem021\Problem021.csproj", "{68708775-E384-487F-BCF1-CEA3406C7928}"
EndProject
Project("{FAE04EC0-301F-11D3-BF4B-00C04F79EFBC}") = "Problem022", "Problem022\Problem022.csproj", "{A2D5C1AE-AFD6-4335-A429-F0EC4C900F26}"
EndProject
Project("{FAE04EC0-301F-11D3-BF4B-00C04F79EFBC}") = "Problem023", "Problem023\Problem023.csproj", "{D8C6EDA9-63E9-4CCA-A1B0-BD652032B842}"
EndProject
Project("{FAE04EC0-301F-11D3-BF4B-00C04F79EFBC}") = "Problem025", "Problem025\Problem025.csproj", "{D866FAFD-153A-4D42-A1BC-10C812BB6201}"
EndProject
Project("{FAE04EC0-301F-11D3-BF4B-00C04F79EFBC}") = "Problem048", "Problem048\Problem048.csproj", "{70022017-0998-4297-98C8-5D78BDCFCF7F}"
EndProject
Project("{FAE04EC0-301F-11D3-BF4B-00C04F79EFBC}") = "Problem024", "Problem024\Problem024.csproj", "{F144A6B2-6A06-45EA-B05D-5C774909465A}"
EndProject
Project("{FAE04EC0-301F-11D3-BF4B-00C04F79EFBC}") = "Problem026", "Problem026\Problem026.csproj", "{86B8610F-B065-40B8-956A-BDFFEBEFCDB9}"
EndProject
Global
	GlobalSection(TestCaseManagementSettings) = postSolution
		CategoryFile = ProjectEulerResolves.vsmdi
	EndGlobalSection
	GlobalSection(SolutionConfigurationPlatforms) = preSolution
		Debug|Any CPU = Debug|Any CPU
		Debug|Mixed Platforms = Debug|Mixed Platforms
		Debug|x86 = Debug|x86
		Release|Any CPU = Release|Any CPU
		Release|Mixed Platforms = Release|Mixed Platforms
		Release|x86 = Release|x86
	EndGlobalSection
	GlobalSection(ProjectConfigurationPlatforms) = postSolution
		{00D99943-038E-4583-AD9E-760936006716}.Debug|Any CPU.ActiveCfg = Debug|Any CPU
		{00D99943-038E-4583-AD9E-760936006716}.Debug|Any CPU.Build.0 = Debug|Any CPU
		{00D99943-038E-4583-AD9E-760936006716}.Debug|Mixed Platforms.ActiveCfg = Debug|Any CPU
		{00D99943-038E-4583-AD9E-760936006716}.Debug|Mixed Platforms.Build.0 = Debug|Any CPU
		{00D99943-038E-4583-AD9E-760936006716}.Debug|x86.ActiveCfg = Debug|Any CPU
		{00D99943-038E-4583-AD9E-760936006716}.Release|Any CPU.ActiveCfg = Release|Any CPU
		{00D99943-038E-4583-AD9E-760936006716}.Release|Any CPU.Build.0 = Release|Any CPU
		{00D99943-038E-4583-AD9E-760936006716}.Release|Mixed Platforms.ActiveCfg = Release|Any CPU
		{00D99943-038E-4583-AD9E-760936006716}.Release|Mixed Platforms.Build.0 = Release|Any CPU
		{00D99943-038E-4583-AD9E-760936006716}.Release|x86.ActiveCfg = Release|Any CPU
		{F48B2E42-A3BE-47AF-9B5E-25D3F4CF721C}.Debug|Any CPU.ActiveCfg = Debug|x86
		{F48B2E42-A3BE-47AF-9B5E-25D3F4CF721C}.Debug|Mixed Platforms.ActiveCfg = Debug|x86
		{F48B2E42-A3BE-47AF-9B5E-25D3F4CF721C}.Debug|Mixed Platforms.Build.0 = Debug|x86
		{F48B2E42-A3BE-47AF-9B5E-25D3F4CF721C}.Debug|x86.ActiveCfg = Debug|x86
		{F48B2E42-A3BE-47AF-9B5E-25D3F4CF721C}.Debug|x86.Build.0 = Debug|x86
		{F48B2E42-A3BE-47AF-9B5E-25D3F4CF721C}.Release|Any CPU.ActiveCfg = Release|x86
		{F48B2E42-A3BE-47AF-9B5E-25D3F4CF721C}.Release|Mixed Platforms.ActiveCfg = Release|x86
		{F48B2E42-A3BE-47AF-9B5E-25D3F4CF721C}.Release|Mixed Platforms.Build.0 = Release|x86
		{F48B2E42-A3BE-47AF-9B5E-25D3F4CF721C}.Release|x86.ActiveCfg = Release|x86
		{F48B2E42-A3BE-47AF-9B5E-25D3F4CF721C}.Release|x86.Build.0 = Release|x86
		{DB17A8BF-0C24-48D2-ADEF-D2945C00AD8D}.Debug|Any CPU.ActiveCfg = Debug|x86
		{DB17A8BF-0C24-48D2-ADEF-D2945C00AD8D}.Debug|Mixed Platforms.ActiveCfg = Debug|x86
		{DB17A8BF-0C24-48D2-ADEF-D2945C00AD8D}.Debug|Mixed Platforms.Build.0 = Debug|x86
		{DB17A8BF-0C24-48D2-ADEF-D2945C00AD8D}.Debug|x86.ActiveCfg = Debug|x86
		{DB17A8BF-0C24-48D2-ADEF-D2945C00AD8D}.Debug|x86.Build.0 = Debug|x86
		{DB17A8BF-0C24-48D2-ADEF-D2945C00AD8D}.Release|Any CPU.ActiveCfg = Release|x86
		{DB17A8BF-0C24-48D2-ADEF-D2945C00AD8D}.Release|Mixed Platforms.ActiveCfg = Release|x86
		{DB17A8BF-0C24-48D2-ADEF-D2945C00AD8D}.Release|Mixed Platforms.Build.0 = Release|x86
		{DB17A8BF-0C24-48D2-ADEF-D2945C00AD8D}.Release|x86.ActiveCfg = Release|x86
		{DB17A8BF-0C24-48D2-ADEF-D2945C00AD8D}.Release|x86.Build.0 = Release|x86
		{9A02679D-276E-450E-803D-02D9D0B23389}.Debug|Any CPU.ActiveCfg = Debug|x86
		{9A02679D-276E-450E-803D-02D9D0B23389}.Debug|Mixed Platforms.ActiveCfg = Debug|x86
		{9A02679D-276E-450E-803D-02D9D0B23389}.Debug|Mixed Platforms.Build.0 = Debug|x86
		{9A02679D-276E-450E-803D-02D9D0B23389}.Debug|x86.ActiveCfg = Debug|x86
		{9A02679D-276E-450E-803D-02D9D0B23389}.Debug|x86.Build.0 = Debug|x86
		{9A02679D-276E-450E-803D-02D9D0B23389}.Release|Any CPU.ActiveCfg = Release|x86
		{9A02679D-276E-450E-803D-02D9D0B23389}.Release|Mixed Platforms.ActiveCfg = Release|x86
		{9A02679D-276E-450E-803D-02D9D0B23389}.Release|Mixed Platforms.Build.0 = Release|x86
		{9A02679D-276E-450E-803D-02D9D0B23389}.Release|x86.ActiveCfg = Release|x86
		{9A02679D-276E-450E-803D-02D9D0B23389}.Release|x86.Build.0 = Release|x86
		{B64439A8-025C-4689-A3FE-EE09E5EAD842}.Debug|Any CPU.ActiveCfg = Debug|x86
		{B64439A8-025C-4689-A3FE-EE09E5EAD842}.Debug|Mixed Platforms.ActiveCfg = Debug|x86
		{B64439A8-025C-4689-A3FE-EE09E5EAD842}.Debug|Mixed Platforms.Build.0 = Debug|x86
		{B64439A8-025C-4689-A3FE-EE09E5EAD842}.Debug|x86.ActiveCfg = Debug|x86
		{B64439A8-025C-4689-A3FE-EE09E5EAD842}.Debug|x86.Build.0 = Debug|x86
		{B64439A8-025C-4689-A3FE-EE09E5EAD842}.Release|Any CPU.ActiveCfg = Release|x86
		{B64439A8-025C-4689-A3FE-EE09E5EAD842}.Release|Mixed Platforms.ActiveCfg = Release|x86
		{B64439A8-025C-4689-A3FE-EE09E5EAD842}.Release|Mixed Platforms.Build.0 = Release|x86
		{B64439A8-025C-4689-A3FE-EE09E5EAD842}.Release|x86.ActiveCfg = Release|x86
		{B64439A8-025C-4689-A3FE-EE09E5EAD842}.Release|x86.Build.0 = Release|x86
		{144B1445-07D0-47E0-AD29-2AD4AE56820F}.Debug|Any CPU.ActiveCfg = Debug|x86
		{144B1445-07D0-47E0-AD29-2AD4AE56820F}.Debug|Mixed Platforms.ActiveCfg = Debug|x86
		{144B1445-07D0-47E0-AD29-2AD4AE56820F}.Debug|Mixed Platforms.Build.0 = Debug|x86
		{144B1445-07D0-47E0-AD29-2AD4AE56820F}.Debug|x86.ActiveCfg = Debug|x86
		{144B1445-07D0-47E0-AD29-2AD4AE56820F}.Debug|x86.Build.0 = Debug|x86
		{144B1445-07D0-47E0-AD29-2AD4AE56820F}.Release|Any CPU.ActiveCfg = Release|x86
		{144B1445-07D0-47E0-AD29-2AD4AE56820F}.Release|Mixed Platforms.ActiveCfg = Release|x86
		{144B1445-07D0-47E0-AD29-2AD4AE56820F}.Release|Mixed Platforms.Build.0 = Release|x86
		{144B1445-07D0-47E0-AD29-2AD4AE56820F}.Release|x86.ActiveCfg = Release|x86
		{144B1445-07D0-47E0-AD29-2AD4AE56820F}.Release|x86.Build.0 = Release|x86
		{EA97DDD3-A86D-44AC-88BE-81E6CE8381A6}.Debug|Any CPU.ActiveCfg = Debug|x86
		{EA97DDD3-A86D-44AC-88BE-81E6CE8381A6}.Debug|Mixed Platforms.ActiveCfg = Debug|x86
		{EA97DDD3-A86D-44AC-88BE-81E6CE8381A6}.Debug|Mixed Platforms.Build.0 = Debug|x86
		{EA97DDD3-A86D-44AC-88BE-81E6CE8381A6}.Debug|x86.ActiveCfg = Debug|x86
		{EA97DDD3-A86D-44AC-88BE-81E6CE8381A6}.Debug|x86.Build.0 = Debug|x86
		{EA97DDD3-A86D-44AC-88BE-81E6CE8381A6}.Release|Any CPU.ActiveCfg = Release|x86
		{EA97DDD3-A86D-44AC-88BE-81E6CE8381A6}.Release|Mixed Platforms.ActiveCfg = Release|x86
		{EA97DDD3-A86D-44AC-88BE-81E6CE8381A6}.Release|Mixed Platforms.Build.0 = Release|x86
		{EA97DDD3-A86D-44AC-88BE-81E6CE8381A6}.Release|x86.ActiveCfg = Release|x86
		{EA97DDD3-A86D-44AC-88BE-81E6CE8381A6}.Release|x86.Build.0 = Release|x86
		{605E9989-51B7-4787-86B6-D9F8B906CAF1}.Debug|Any CPU.ActiveCfg = Debug|x86
		{605E9989-51B7-4787-86B6-D9F8B906CAF1}.Debug|Mixed Platforms.ActiveCfg = Debug|x86
		{605E9989-51B7-4787-86B6-D9F8B906CAF1}.Debug|Mixed Platforms.Build.0 = Debug|x86
		{605E9989-51B7-4787-86B6-D9F8B906CAF1}.Debug|x86.ActiveCfg = Debug|x86
		{605E9989-51B7-4787-86B6-D9F8B906CAF1}.Debug|x86.Build.0 = Debug|x86
		{605E9989-51B7-4787-86B6-D9F8B906CAF1}.Release|Any CPU.ActiveCfg = Release|x86
		{605E9989-51B7-4787-86B6-D9F8B906CAF1}.Release|Mixed Platforms.ActiveCfg = Release|x86
		{605E9989-51B7-4787-86B6-D9F8B906CAF1}.Release|Mixed Platforms.Build.0 = Release|x86
		{605E9989-51B7-4787-86B6-D9F8B906CAF1}.Release|x86.ActiveCfg = Release|x86
		{605E9989-51B7-4787-86B6-D9F8B906CAF1}.Release|x86.Build.0 = Release|x86
		{55B10379-56BD-453D-8D33-F2A773D4C0B6}.Debug|Any CPU.ActiveCfg = Debug|x86
		{55B10379-56BD-453D-8D33-F2A773D4C0B6}.Debug|Mixed Platforms.ActiveCfg = Debug|x86
		{55B10379-56BD-453D-8D33-F2A773D4C0B6}.Debug|Mixed Platforms.Build.0 = Debug|x86
		{55B10379-56BD-453D-8D33-F2A773D4C0B6}.Debug|x86.ActiveCfg = Debug|x86
		{55B10379-56BD-453D-8D33-F2A773D4C0B6}.Debug|x86.Build.0 = Debug|x86
		{55B10379-56BD-453D-8D33-F2A773D4C0B6}.Release|Any CPU.ActiveCfg = Release|x86
		{55B10379-56BD-453D-8D33-F2A773D4C0B6}.Release|Mixed Platforms.ActiveCfg = Release|x86
		{55B10379-56BD-453D-8D33-F2A773D4C0B6}.Release|Mixed Platforms.Build.0 = Release|x86
		{55B10379-56BD-453D-8D33-F2A773D4C0B6}.Release|x86.ActiveCfg = Release|x86
		{55B10379-56BD-453D-8D33-F2A773D4C0B6}.Release|x86.Build.0 = Release|x86
		{0362E3C9-1779-4C45-AC94-FD50DE3DC486}.Debug|Any CPU.ActiveCfg = Debug|x86
		{0362E3C9-1779-4C45-AC94-FD50DE3DC486}.Debug|Mixed Platforms.ActiveCfg = Debug|x86
		{0362E3C9-1779-4C45-AC94-FD50DE3DC486}.Debug|Mixed Platforms.Build.0 = Debug|x86
		{0362E3C9-1779-4C45-AC94-FD50DE3DC486}.Debug|x86.ActiveCfg = Debug|x86
		{0362E3C9-1779-4C45-AC94-FD50DE3DC486}.Debug|x86.Build.0 = Debug|x86
		{0362E3C9-1779-4C45-AC94-FD50DE3DC486}.Release|Any CPU.ActiveCfg = Release|x86
		{0362E3C9-1779-4C45-AC94-FD50DE3DC486}.Release|Mixed Platforms.ActiveCfg = Release|x86
		{0362E3C9-1779-4C45-AC94-FD50DE3DC486}.Release|Mixed Platforms.Build.0 = Release|x86
		{0362E3C9-1779-4C45-AC94-FD50DE3DC486}.Release|x86.ActiveCfg = Release|x86
		{0362E3C9-1779-4C45-AC94-FD50DE3DC486}.Release|x86.Build.0 = Release|x86
		{D3605741-998F-4D05-9DFE-95B9330B91DF}.Debug|Any CPU.ActiveCfg = Debug|x86
		{D3605741-998F-4D05-9DFE-95B9330B91DF}.Debug|Mixed Platforms.ActiveCfg = Debug|x86
		{D3605741-998F-4D05-9DFE-95B9330B91DF}.Debug|Mixed Platforms.Build.0 = Debug|x86
		{D3605741-998F-4D05-9DFE-95B9330B91DF}.Debug|x86.ActiveCfg = Debug|x86
		{D3605741-998F-4D05-9DFE-95B9330B91DF}.Debug|x86.Build.0 = Debug|x86
		{D3605741-998F-4D05-9DFE-95B9330B91DF}.Release|Any CPU.ActiveCfg = Release|x86
		{D3605741-998F-4D05-9DFE-95B9330B91DF}.Release|Mixed Platforms.ActiveCfg = Release|x86
		{D3605741-998F-4D05-9DFE-95B9330B91DF}.Release|Mixed Platforms.Build.0 = Release|x86
		{D3605741-998F-4D05-9DFE-95B9330B91DF}.Release|x86.ActiveCfg = Release|x86
		{D3605741-998F-4D05-9DFE-95B9330B91DF}.Release|x86.Build.0 = Release|x86
		{650A4B9D-E7A5-4E58-B947-0654201ED3C5}.Debug|Any CPU.ActiveCfg = Debug|x86
		{650A4B9D-E7A5-4E58-B947-0654201ED3C5}.Debug|Mixed Platforms.ActiveCfg = Debug|x86
		{650A4B9D-E7A5-4E58-B947-0654201ED3C5}.Debug|Mixed Platforms.Build.0 = Debug|x86
		{650A4B9D-E7A5-4E58-B947-0654201ED3C5}.Debug|x86.ActiveCfg = Debug|x86
		{650A4B9D-E7A5-4E58-B947-0654201ED3C5}.Debug|x86.Build.0 = Debug|x86
		{650A4B9D-E7A5-4E58-B947-0654201ED3C5}.Release|Any CPU.ActiveCfg = Release|x86
		{650A4B9D-E7A5-4E58-B947-0654201ED3C5}.Release|Mixed Platforms.ActiveCfg = Release|x86
		{650A4B9D-E7A5-4E58-B947-0654201ED3C5}.Release|Mixed Platforms.Build.0 = Release|x86
		{650A4B9D-E7A5-4E58-B947-0654201ED3C5}.Release|x86.ActiveCfg = Release|x86
		{650A4B9D-E7A5-4E58-B947-0654201ED3C5}.Release|x86.Build.0 = Release|x86
		{CBA7AFA4-8821-4321-A4CD-FECD17707775}.Debug|Any CPU.ActiveCfg = Debug|x86
		{CBA7AFA4-8821-4321-A4CD-FECD17707775}.Debug|Mixed Platforms.ActiveCfg = Debug|x86
		{CBA7AFA4-8821-4321-A4CD-FECD17707775}.Debug|Mixed Platforms.Build.0 = Debug|x86
		{CBA7AFA4-8821-4321-A4CD-FECD17707775}.Debug|x86.ActiveCfg = Debug|x86
		{CBA7AFA4-8821-4321-A4CD-FECD17707775}.Debug|x86.Build.0 = Debug|x86
		{CBA7AFA4-8821-4321-A4CD-FECD17707775}.Release|Any CPU.ActiveCfg = Release|x86
		{CBA7AFA4-8821-4321-A4CD-FECD17707775}.Release|Mixed Platforms.ActiveCfg = Release|x86
		{CBA7AFA4-8821-4321-A4CD-FECD17707775}.Release|Mixed Platforms.Build.0 = Release|x86
		{CBA7AFA4-8821-4321-A4CD-FECD17707775}.Release|x86.ActiveCfg = Release|x86
		{CBA7AFA4-8821-4321-A4CD-FECD17707775}.Release|x86.Build.0 = Release|x86
		{62E246FB-8FC9-4F9B-9C78-5B1EC48CBAC5}.Debug|Any CPU.ActiveCfg = Debug|x86
		{62E246FB-8FC9-4F9B-9C78-5B1EC48CBAC5}.Debug|Mixed Platforms.ActiveCfg = Debug|x86
		{62E246FB-8FC9-4F9B-9C78-5B1EC48CBAC5}.Debug|Mixed Platforms.Build.0 = Debug|x86
		{62E246FB-8FC9-4F9B-9C78-5B1EC48CBAC5}.Debug|x86.ActiveCfg = Debug|x86
		{62E246FB-8FC9-4F9B-9C78-5B1EC48CBAC5}.Debug|x86.Build.0 = Debug|x86
		{62E246FB-8FC9-4F9B-9C78-5B1EC48CBAC5}.Release|Any CPU.ActiveCfg = Release|x86
		{62E246FB-8FC9-4F9B-9C78-5B1EC48CBAC5}.Release|Mixed Platforms.ActiveCfg = Release|x86
		{62E246FB-8FC9-4F9B-9C78-5B1EC48CBAC5}.Release|Mixed Platforms.Build.0 = Release|x86
		{62E246FB-8FC9-4F9B-9C78-5B1EC48CBAC5}.Release|x86.ActiveCfg = Release|x86
		{62E246FB-8FC9-4F9B-9C78-5B1EC48CBAC5}.Release|x86.Build.0 = Release|x86
		{3F99999B-5AE0-42AE-9F95-74F18CC3AD83}.Debug|Any CPU.ActiveCfg = Debug|x86
		{3F99999B-5AE0-42AE-9F95-74F18CC3AD83}.Debug|Mixed Platforms.ActiveCfg = Debug|x86
		{3F99999B-5AE0-42AE-9F95-74F18CC3AD83}.Debug|Mixed Platforms.Build.0 = Debug|x86
		{3F99999B-5AE0-42AE-9F95-74F18CC3AD83}.Debug|x86.ActiveCfg = Debug|x86
		{3F99999B-5AE0-42AE-9F95-74F18CC3AD83}.Debug|x86.Build.0 = Debug|x86
		{3F99999B-5AE0-42AE-9F95-74F18CC3AD83}.Release|Any CPU.ActiveCfg = Release|x86
		{3F99999B-5AE0-42AE-9F95-74F18CC3AD83}.Release|Mixed Platforms.ActiveCfg = Release|x86
		{3F99999B-5AE0-42AE-9F95-74F18CC3AD83}.Release|Mixed Platforms.Build.0 = Release|x86
		{3F99999B-5AE0-42AE-9F95-74F18CC3AD83}.Release|x86.ActiveCfg = Release|x86
		{3F99999B-5AE0-42AE-9F95-74F18CC3AD83}.Release|x86.Build.0 = Release|x86
		{B64E7123-6062-423E-83B4-B4DBCAE33234}.Debug|Any CPU.ActiveCfg = Debug|x86
		{B64E7123-6062-423E-83B4-B4DBCAE33234}.Debug|Mixed Platforms.ActiveCfg = Debug|x86
		{B64E7123-6062-423E-83B4-B4DBCAE33234}.Debug|Mixed Platforms.Build.0 = Debug|x86
		{B64E7123-6062-423E-83B4-B4DBCAE33234}.Debug|x86.ActiveCfg = Debug|x86
		{B64E7123-6062-423E-83B4-B4DBCAE33234}.Debug|x86.Build.0 = Debug|x86
		{B64E7123-6062-423E-83B4-B4DBCAE33234}.Release|Any CPU.ActiveCfg = Release|x86
		{B64E7123-6062-423E-83B4-B4DBCAE33234}.Release|Mixed Platforms.ActiveCfg = Release|x86
		{B64E7123-6062-423E-83B4-B4DBCAE33234}.Release|Mixed Platforms.Build.0 = Release|x86
		{B64E7123-6062-423E-83B4-B4DBCAE33234}.Release|x86.ActiveCfg = Release|x86
		{B64E7123-6062-423E-83B4-B4DBCAE33234}.Release|x86.Build.0 = Release|x86
		{97F8BB1D-CA55-4A4D-9601-4917FB657212}.Debug|Any CPU.ActiveCfg = Debug|x86
		{97F8BB1D-CA55-4A4D-9601-4917FB657212}.Debug|Mixed Platforms.ActiveCfg = Debug|x86
		{97F8BB1D-CA55-4A4D-9601-4917FB657212}.Debug|Mixed Platforms.Build.0 = Debug|x86
		{97F8BB1D-CA55-4A4D-9601-4917FB657212}.Debug|x86.ActiveCfg = Debug|x86
		{97F8BB1D-CA55-4A4D-9601-4917FB657212}.Debug|x86.Build.0 = Debug|x86
		{97F8BB1D-CA55-4A4D-9601-4917FB657212}.Release|Any CPU.ActiveCfg = Release|x86
		{97F8BB1D-CA55-4A4D-9601-4917FB657212}.Release|Mixed Platforms.ActiveCfg = Release|x86
		{97F8BB1D-CA55-4A4D-9601-4917FB657212}.Release|Mixed Platforms.Build.0 = Release|x86
		{97F8BB1D-CA55-4A4D-9601-4917FB657212}.Release|x86.ActiveCfg = Release|x86
		{97F8BB1D-CA55-4A4D-9601-4917FB657212}.Release|x86.Build.0 = Release|x86
		{F6D57B0A-CEFF-4B64-9A3F-EAA1917BEB16}.Debug|Any CPU.ActiveCfg = Debug|x86
		{F6D57B0A-CEFF-4B64-9A3F-EAA1917BEB16}.Debug|Mixed Platforms.ActiveCfg = Debug|x86
		{F6D57B0A-CEFF-4B64-9A3F-EAA1917BEB16}.Debug|Mixed Platforms.Build.0 = Debug|x86
		{F6D57B0A-CEFF-4B64-9A3F-EAA1917BEB16}.Debug|x86.ActiveCfg = Debug|x86
		{F6D57B0A-CEFF-4B64-9A3F-EAA1917BEB16}.Debug|x86.Build.0 = Debug|x86
		{F6D57B0A-CEFF-4B64-9A3F-EAA1917BEB16}.Release|Any CPU.ActiveCfg = Release|x86
		{F6D57B0A-CEFF-4B64-9A3F-EAA1917BEB16}.Release|Mixed Platforms.ActiveCfg = Release|x86
		{F6D57B0A-CEFF-4B64-9A3F-EAA1917BEB16}.Release|Mixed Platforms.Build.0 = Release|x86
		{F6D57B0A-CEFF-4B64-9A3F-EAA1917BEB16}.Release|x86.ActiveCfg = Release|x86
		{F6D57B0A-CEFF-4B64-9A3F-EAA1917BEB16}.Release|x86.Build.0 = Release|x86
		{FB73B971-7ADC-4677-B88F-20BD48B7C389}.Debug|Any CPU.ActiveCfg = Debug|x86
		{FB73B971-7ADC-4677-B88F-20BD48B7C389}.Debug|Mixed Platforms.ActiveCfg = Debug|x86
		{FB73B971-7ADC-4677-B88F-20BD48B7C389}.Debug|Mixed Platforms.Build.0 = Debug|x86
		{FB73B971-7ADC-4677-B88F-20BD48B7C389}.Debug|x86.ActiveCfg = Debug|x86
		{FB73B971-7ADC-4677-B88F-20BD48B7C389}.Debug|x86.Build.0 = Debug|x86
		{FB73B971-7ADC-4677-B88F-20BD48B7C389}.Release|Any CPU.ActiveCfg = Release|x86
		{FB73B971-7ADC-4677-B88F-20BD48B7C389}.Release|Mixed Platforms.ActiveCfg = Release|x86
		{FB73B971-7ADC-4677-B88F-20BD48B7C389}.Release|Mixed Platforms.Build.0 = Release|x86
		{FB73B971-7ADC-4677-B88F-20BD48B7C389}.Release|x86.ActiveCfg = Release|x86
		{FB73B971-7ADC-4677-B88F-20BD48B7C389}.Release|x86.Build.0 = Release|x86
		{FAE25E78-B936-4EFF-9FAE-3A8C5AB84A58}.Debug|Any CPU.ActiveCfg = Debug|x86
		{FAE25E78-B936-4EFF-9FAE-3A8C5AB84A58}.Debug|Mixed Platforms.ActiveCfg = Debug|x86
		{FAE25E78-B936-4EFF-9FAE-3A8C5AB84A58}.Debug|Mixed Platforms.Build.0 = Debug|x86
		{FAE25E78-B936-4EFF-9FAE-3A8C5AB84A58}.Debug|x86.ActiveCfg = Debug|x86
		{FAE25E78-B936-4EFF-9FAE-3A8C5AB84A58}.Debug|x86.Build.0 = Debug|x86
		{FAE25E78-B936-4EFF-9FAE-3A8C5AB84A58}.Release|Any CPU.ActiveCfg = Release|x86
		{FAE25E78-B936-4EFF-9FAE-3A8C5AB84A58}.Release|Mixed Platforms.ActiveCfg = Release|x86
		{FAE25E78-B936-4EFF-9FAE-3A8C5AB84A58}.Release|Mixed Platforms.Build.0 = Release|x86
		{FAE25E78-B936-4EFF-9FAE-3A8C5AB84A58}.Release|x86.ActiveCfg = Release|x86
		{FAE25E78-B936-4EFF-9FAE-3A8C5AB84A58}.Release|x86.Build.0 = Release|x86
		{F09E04DA-AFB3-411D-B8D1-EC0D53E9860B}.Debug|Any CPU.ActiveCfg = Debug|x86
		{F09E04DA-AFB3-411D-B8D1-EC0D53E9860B}.Debug|Mixed Platforms.ActiveCfg = Debug|x86
		{F09E04DA-AFB3-411D-B8D1-EC0D53E9860B}.Debug|Mixed Platforms.Build.0 = Debug|x86
		{F09E04DA-AFB3-411D-B8D1-EC0D53E9860B}.Debug|x86.ActiveCfg = Debug|x86
		{F09E04DA-AFB3-411D-B8D1-EC0D53E9860B}.Debug|x86.Build.0 = Debug|x86
		{F09E04DA-AFB3-411D-B8D1-EC0D53E9860B}.Release|Any CPU.ActiveCfg = Release|x86
		{F09E04DA-AFB3-411D-B8D1-EC0D53E9860B}.Release|Mixed Platforms.ActiveCfg = Release|x86
		{F09E04DA-AFB3-411D-B8D1-EC0D53E9860B}.Release|Mixed Platforms.Build.0 = Release|x86
		{F09E04DA-AFB3-411D-B8D1-EC0D53E9860B}.Release|x86.ActiveCfg = Release|x86
		{F09E04DA-AFB3-411D-B8D1-EC0D53E9860B}.Release|x86.Build.0 = Release|x86
		{68708775-E384-487F-BCF1-CEA3406C7928}.Debug|Any CPU.ActiveCfg = Debug|x86
		{68708775-E384-487F-BCF1-CEA3406C7928}.Debug|Mixed Platforms.ActiveCfg = Debug|x86
		{68708775-E384-487F-BCF1-CEA3406C7928}.Debug|Mixed Platforms.Build.0 = Debug|x86
		{68708775-E384-487F-BCF1-CEA3406C7928}.Debug|x86.ActiveCfg = Debug|x86
		{68708775-E384-487F-BCF1-CEA3406C7928}.Debug|x86.Build.0 = Debug|x86
		{68708775-E384-487F-BCF1-CEA3406C7928}.Release|Any CPU.ActiveCfg = Release|x86
		{68708775-E384-487F-BCF1-CEA3406C7928}.Release|Mixed Platforms.ActiveCfg = Release|x86
		{68708775-E384-487F-BCF1-CEA3406C7928}.Release|Mixed Platforms.Build.0 = Release|x86
		{68708775-E384-487F-BCF1-CEA3406C7928}.Release|x86.ActiveCfg = Release|x86
		{68708775-E384-487F-BCF1-CEA3406C7928}.Release|x86.Build.0 = Release|x86
		{A2D5C1AE-AFD6-4335-A429-F0EC4C900F26}.Debug|Any CPU.ActiveCfg = Debug|x86
		{A2D5C1AE-AFD6-4335-A429-F0EC4C900F26}.Debug|Mixed Platforms.ActiveCfg = Debug|x86
		{A2D5C1AE-AFD6-4335-A429-F0EC4C900F26}.Debug|Mixed Platforms.Build.0 = Debug|x86
		{A2D5C1AE-AFD6-4335-A429-F0EC4C900F26}.Debug|x86.ActiveCfg = Debug|x86
		{A2D5C1AE-AFD6-4335-A429-F0EC4C900F26}.Debug|x86.Build.0 = Debug|x86
		{A2D5C1AE-AFD6-4335-A429-F0EC4C900F26}.Release|Any CPU.ActiveCfg = Release|x86
		{A2D5C1AE-AFD6-4335-A429-F0EC4C900F26}.Release|Mixed Platforms.ActiveCfg = Release|x86
		{A2D5C1AE-AFD6-4335-A429-F0EC4C900F26}.Release|Mixed Platforms.Build.0 = Release|x86
		{A2D5C1AE-AFD6-4335-A429-F0EC4C900F26}.Release|x86.ActiveCfg = Release|x86
		{A2D5C1AE-AFD6-4335-A429-F0EC4C900F26}.Release|x86.Build.0 = Release|x86
		{D8C6EDA9-63E9-4CCA-A1B0-BD652032B842}.Debug|Any CPU.ActiveCfg = Debug|x86
		{D8C6EDA9-63E9-4CCA-A1B0-BD652032B842}.Debug|Mixed Platforms.ActiveCfg = Debug|x86
		{D8C6EDA9-63E9-4CCA-A1B0-BD652032B842}.Debug|Mixed Platforms.Build.0 = Debug|x86
		{D8C6EDA9-63E9-4CCA-A1B0-BD652032B842}.Debug|x86.ActiveCfg = Debug|x86
		{D8C6EDA9-63E9-4CCA-A1B0-BD652032B842}.Debug|x86.Build.0 = Debug|x86
		{D8C6EDA9-63E9-4CCA-A1B0-BD652032B842}.Release|Any CPU.ActiveCfg = Release|x86
		{D8C6EDA9-63E9-4CCA-A1B0-BD652032B842}.Release|Mixed Platforms.ActiveCfg = Release|x86
		{D8C6EDA9-63E9-4CCA-A1B0-BD652032B842}.Release|Mixed Platforms.Build.0 = Release|x86
		{D8C6EDA9-63E9-4CCA-A1B0-BD652032B842}.Release|x86.ActiveCfg = Release|x86
		{D8C6EDA9-63E9-4CCA-A1B0-BD652032B842}.Release|x86.Build.0 = Release|x86
		{D866FAFD-153A-4D42-A1BC-10C812BB6201}.Debug|Any CPU.ActiveCfg = Debug|x86
		{D866FAFD-153A-4D42-A1BC-10C812BB6201}.Debug|Mixed Platforms.ActiveCfg = Debug|x86
		{D866FAFD-153A-4D42-A1BC-10C812BB6201}.Debug|Mixed Platforms.Build.0 = Debug|x86
		{D866FAFD-153A-4D42-A1BC-10C812BB6201}.Debug|x86.ActiveCfg = Debug|x86
		{D866FAFD-153A-4D42-A1BC-10C812BB6201}.Debug|x86.Build.0 = Debug|x86
		{D866FAFD-153A-4D42-A1BC-10C812BB6201}.Release|Any CPU.ActiveCfg = Release|x86
		{D866FAFD-153A-4D42-A1BC-10C812BB6201}.Release|Mixed Platforms.ActiveCfg = Release|x86
		{D866FAFD-153A-4D42-A1BC-10C812BB6201}.Release|Mixed Platforms.Build.0 = Release|x86
		{D866FAFD-153A-4D42-A1BC-10C812BB6201}.Release|x86.ActiveCfg = Release|x86
		{D866FAFD-153A-4D42-A1BC-10C812BB6201}.Release|x86.Build.0 = Release|x86
		{70022017-0998-4297-98C8-5D78BDCFCF7F}.Debug|Any CPU.ActiveCfg = Debug|x86
		{70022017-0998-4297-98C8-5D78BDCFCF7F}.Debug|Mixed Platforms.ActiveCfg = Debug|x86
		{70022017-0998-4297-98C8-5D78BDCFCF7F}.Debug|Mixed Platforms.Build.0 = Debug|x86
		{70022017-0998-4297-98C8-5D78BDCFCF7F}.Debug|x86.ActiveCfg = Debug|x86
		{70022017-0998-4297-98C8-5D78BDCFCF7F}.Debug|x86.Build.0 = Debug|x86
		{70022017-0998-4297-98C8-5D78BDCFCF7F}.Release|Any CPU.ActiveCfg = Release|x86
		{70022017-0998-4297-98C8-5D78BDCFCF7F}.Release|Mixed Platforms.ActiveCfg = Release|x86
		{70022017-0998-4297-98C8-5D78BDCFCF7F}.Release|Mixed Platforms.Build.0 = Release|x86
		{70022017-0998-4297-98C8-5D78BDCFCF7F}.Release|x86.ActiveCfg = Release|x86
		{70022017-0998-4297-98C8-5D78BDCFCF7F}.Release|x86.Build.0 = Release|x86
		{F144A6B2-6A06-45EA-B05D-5C774909465A}.Debug|Any CPU.ActiveCfg = Debug|x86
		{F144A6B2-6A06-45EA-B05D-5C774909465A}.Debug|Mixed Platforms.ActiveCfg = Debug|x86
		{F144A6B2-6A06-45EA-B05D-5C774909465A}.Debug|Mixed Platforms.Build.0 = Debug|x86
		{F144A6B2-6A06-45EA-B05D-5C774909465A}.Debug|x86.ActiveCfg = Debug|x86
		{F144A6B2-6A06-45EA-B05D-5C774909465A}.Debug|x86.Build.0 = Debug|x86
		{F144A6B2-6A06-45EA-B05D-5C774909465A}.Release|Any CPU.ActiveCfg = Release|x86
		{F144A6B2-6A06-45EA-B05D-5C774909465A}.Release|Mixed Platforms.ActiveCfg = Release|x86
		{F144A6B2-6A06-45EA-B05D-5C774909465A}.Release|Mixed Platforms.Build.0 = Release|x86
		{F144A6B2-6A06-45EA-B05D-5C774909465A}.Release|x86.ActiveCfg = Release|x86
		{F144A6B2-6A06-45EA-B05D-5C774909465A}.Release|x86.Build.0 = Release|x86
		{86B8610F-B065-40B8-956A-BDFFEBEFCDB9}.Debug|Any CPU.ActiveCfg = Debug|x86
		{86B8610F-B065-40B8-956A-BDFFEBEFCDB9}.Debug|Mixed Platforms.ActiveCfg = Debug|x86
		{86B8610F-B065-40B8-956A-BDFFEBEFCDB9}.Debug|Mixed Platforms.Build.0 = Debug|x86
		{86B8610F-B065-40B8-956A-BDFFEBEFCDB9}.Debug|x86.ActiveCfg = Debug|x86
		{86B8610F-B065-40B8-956A-BDFFEBEFCDB9}.Debug|x86.Build.0 = Debug|x86
		{86B8610F-B065-40B8-956A-BDFFEBEFCDB9}.Release|Any CPU.ActiveCfg = Release|x86
		{86B8610F-B065-40B8-956A-BDFFEBEFCDB9}.Release|Mixed Platforms.ActiveCfg = Release|x86
		{86B8610F-B065-40B8-956A-BDFFEBEFCDB9}.Release|Mixed Platforms.Build.0 = Release|x86
		{86B8610F-B065-40B8-956A-BDFFEBEFCDB9}.Release|x86.ActiveCfg = Release|x86
		{86B8610F-B065-40B8-956A-BDFFEBEFCDB9}.Release|x86.Build.0 = Release|x86
	EndGlobalSection
	GlobalSection(SolutionProperties) = preSolution
		HideSolutionNode = FALSE
	EndGlobalSection
	GlobalSection(NestedProjects) = preSolution
		{F48B2E42-A3BE-47AF-9B5E-25D3F4CF721C} = {0D427149-166D-4DA2-8200-AC90D09861F6}
		{DB17A8BF-0C24-48D2-ADEF-D2945C00AD8D} = {0D427149-166D-4DA2-8200-AC90D09861F6}
		{9A02679D-276E-450E-803D-02D9D0B23389} = {0D427149-166D-4DA2-8200-AC90D09861F6}
		{B64439A8-025C-4689-A3FE-EE09E5EAD842} = {0D427149-166D-4DA2-8200-AC90D09861F6}
		{144B1445-07D0-47E0-AD29-2AD4AE56820F} = {0D427149-166D-4DA2-8200-AC90D09861F6}
		{EA97DDD3-A86D-44AC-88BE-81E6CE8381A6} = {0D427149-166D-4DA2-8200-AC90D09861F6}
		{605E9989-51B7-4787-86B6-D9F8B906CAF1} = {0D427149-166D-4DA2-8200-AC90D09861F6}
		{55B10379-56BD-453D-8D33-F2A773D4C0B6} = {0D427149-166D-4DA2-8200-AC90D09861F6}
		{0362E3C9-1779-4C45-AC94-FD50DE3DC486} = {0D427149-166D-4DA2-8200-AC90D09861F6}
		{D3605741-998F-4D05-9DFE-95B9330B91DF} = {0D427149-166D-4DA2-8200-AC90D09861F6}
		{650A4B9D-E7A5-4E58-B947-0654201ED3C5} = {0D427149-166D-4DA2-8200-AC90D09861F6}
		{CBA7AFA4-8821-4321-A4CD-FECD17707775} = {0D427149-166D-4DA2-8200-AC90D09861F6}
		{62E246FB-8FC9-4F9B-9C78-5B1EC48CBAC5} = {0D427149-166D-4DA2-8200-AC90D09861F6}
		{3F99999B-5AE0-42AE-9F95-74F18CC3AD83} = {0D427149-166D-4DA2-8200-AC90D09861F6}
		{B64E7123-6062-423E-83B4-B4DBCAE33234} = {0D427149-166D-4DA2-8200-AC90D09861F6}
		{F6D57B0A-CEFF-4B64-9A3F-EAA1917BEB16} = {0D427149-166D-4DA2-8200-AC90D09861F6}
		{FB73B971-7ADC-4677-B88F-20BD48B7C389} = {0D427149-166D-4DA2-8200-AC90D09861F6}
		{FAE25E78-B936-4EFF-9FAE-3A8C5AB84A58} = {0D427149-166D-4DA2-8200-AC90D09861F6}
		{F09E04DA-AFB3-411D-B8D1-EC0D53E9860B} = {0D427149-166D-4DA2-8200-AC90D09861F6}
		{68708775-E384-487F-BCF1-CEA3406C7928} = {0D427149-166D-4DA2-8200-AC90D09861F6}
		{A2D5C1AE-AFD6-4335-A429-F0EC4C900F26} = {0D427149-166D-4DA2-8200-AC90D09861F6}
		{D866FAFD-153A-4D42-A1BC-10C812BB6201} = {0D427149-166D-4DA2-8200-AC90D09861F6}
		{70022017-0998-4297-98C8-5D78BDCFCF7F} = {0D427149-166D-4DA2-8200-AC90D09861F6}
		{F144A6B2-6A06-45EA-B05D-5C774909465A} = {0D427149-166D-4DA2-8200-AC90D09861F6}
		{97F8BB1D-CA55-4A4D-9601-4917FB657212} = {0D427149-166D-4DA2-8200-AC90D09861F6}
	EndGlobalSection
EndGlobal
