
Microsoft Visual Studio Solution File, Format Version 11.00
# Visual Studio 2010
Project("{FAE04EC0-301F-11D3-BF4B-00C04F79EFBC}") = "Kang.Algorithm.BaseLib", "Kang.Algorithm.BaseLib\Kang.Algorithm.BaseLib.csproj", "{00D99943-038E-4583-AD9E-760936006716}"
EndProject
Project("{FAE04EC0-301F-11D3-BF4B-00C04F79EFBC}") = "Problem001", "Problem001\Problem001.csproj", "{F48B2E42-A3BE-47AF-9B5E-25D3F4CF721C}"
EndProject
Project("{2150E333-8FDC-42A3-9474-1A3956D46DE8}") = "Solved", "Solved", "{0D427149-166D-4DA2-8200-AC90D09861F6}"
EndProject
Project("{FAE04EC0-301F-11D3-BF4B-00C04F79EFBC}") = "Problem002", "Problem002\Problem002.csproj", "{DB17A8BF-0C24-48D2-ADEF-D2945C00AD8D}"
EndProject
Project("{FAE04EC0-301F-11D3-BF4B-00C04F79EFBC}") = "Problem003", "Problem003\Problem003.csproj", "{9A02679D-276E-450E-803D-02D9D0B23389}"
EndProject
Project("{FAE04EC0-301F-11D3-BF4B-00C04F79EFBC}") = "Problem004", "Problem004\Problem004.csproj", "{B64439A8-025C-4689-A3FE-EE09E5EAD842}"
EndProject
Project("{FAE04EC0-301F-11D3-BF4B-00C04F79EFBC}") = "Problem005", "Problem005\Problem005.csproj", "{144B1445-07D0-47E0-AD29-2AD4AE56820F}"
EndProject
Project("{FAE04EC0-301F-11D3-BF4B-00C04F79EFBC}") = "Problem006", "Problem006\Problem006.csproj", "{EA97DDD3-A86D-44AC-88BE-81E6CE8381A6}"
EndProject
Project("{2150E333-8FDC-42A3-9474-1A3956D46DE8}") = "Solution Items", "Solution Items", "{B4D2C703-A974-4712-9B4A-ABD6A28ABF8B}"
	ProjectSection(SolutionItems) = preProject
		Local.testsettings = Local.testsettings
		ProjectEulerResolves.vsmdi = ProjectEulerResolves.vsmdi
		TraceAndTestImpact.testsettings = TraceAndTestImpact.testsettings
	EndProjectSection
EndProject
Project("{FAE04EC0-301F-11D3-BF4B-00C04F79EFBC}") = "Problem007", "Problem007\Problem007.csproj", "{605E9989-51B7-4787-86B6-D9F8B906CAF1}"
EndProject
Project("{FAE04EC0-301F-11D3-BF4B-00C04F79EFBC}") = "Problem009", "Problem009\Problem009.csproj", "{55B10379-56BD-453D-8D33-F2A773D4C0B6}"
EndProject
Project("{FAE04EC0-301F-11D3-BF4B-00C04F79EFBC}") = "Problem010", "Problem010\Problem010.csproj", "{0362E3C9-1779-4C45-AC94-FD50DE3DC486}"
EndProject
Project("{FAE04EC0-301F-11D3-BF4B-00C04F79EFBC}") = "Problem011", "Problem011\Problem011.csproj", "{D3605741-998F-4D05-9DFE-95B9330B91DF}"
EndProject
Project("{FAE04EC0-301F-11D3-BF4B-00C04F79EFBC}") = "Problem012", "Problem012\Problem012.csproj", "{650A4B9D-E7A5-4E58-B947-0654201ED3C5}"
EndProject
Project("{FAE04EC0-301F-11D3-BF4B-00C04F79EFBC}") = "Problem008", "Problem008\Problem008.csproj", "{CBA7AFA4-8821-4321-A4CD-FECD17707775}"
EndProject
Project("{FAE04EC0-301F-11D3-BF4B-00C04F79EFBC}") = "Problem12", "Problem12\Problem12.csproj", "{62E246FB-8FC9-4F9B-9C78-5B1EC48CBAC5}"
EndProject
Project("{FAE04EC0-301F-11D3-BF4B-00C04F79EFBC}") = "Problem014", "Problem014\Problem014.csproj", "{3F99999B-5AE0-42AE-9F95-74F18CC3AD83}"
EndProject
Project("{FAE04EC0-301F-11D3-BF4B-00C04F79EFBC}") = "Problem016", "Problem016\Problem016.csproj", "{B64E7123-6062-423E-83B4-B4DBCAE33234}"
EndProject
Project("{FAE04EC0-301F-11D3-BF4B-00C04F79EFBC}") = "Problem015", "Problem015\Problem015.csproj", "{97F8BB1D-CA55-4A4D-9601-4917FB657212}"
EndProject
Project("{FAE04EC0-301F-11D3-BF4B-00C04F79EFBC}") = "Problem017", "Problem017\Problem017.csproj", "{F6D57B0A-CEFF-4B64-9A3F-EAA1917BEB16}"
EndProject
Project("{FAE04EC0-301F-11D3-BF4B-00C04F79EFBC}") = "Problem018", "Problem018\Problem018.csproj", "{FB73B971-7ADC-4677-B88F-20BD48B7C389}"
EndProject
Project("{FAE04EC0-301F-11D3-BF4B-00C04F79EFBC}") = "Problem019", "Problem019\Problem019.csproj", "{FAE25E78-B936-4EFF-9FAE-3A8C5AB84A58}"
EndProject
Project("{FAE04EC0-301F-11D3-BF4B-00C04F79EFBC}") = "Problem020", "Problem020\Problem020.csproj", "{F09E04DA-AFB3-411D-B8D1-EC0D53E9860B}"
EndProject
Project("{FAE04EC0-301F-11D3-BF4B-00C04F79EFBC}") = "Problem021", "Problem021\Problem021.csproj", "{68708775-E384-487F-BCF1-CEA3406C7928}"
EndProject
Project("{FAE04EC0-301F-11D3-BF4B-00C04F79EFBC}") = "Problem022", "Problem022\Problem022.csproj", "{A2D5C1AE-AFD6-4335-A429-F0EC4C900F26}"
EndProject
Project("{FAE04EC0-301F-11D3-BF4B-00C04F79EFBC}") = "Problem023", "Problem023\Problem023.csproj", "{D8C6EDA9-63E9-4CCA-A1B0-BD652032B842}"
EndProject
Project("{FAE04EC0-301F-11D3-BF4B-00C04F79EFBC}") = "Problem025", "Problem025\Problem025.csproj", "{D866FAFD-153A-4D42-A1BC-10C812BB6201}"
EndProject
Project("{FAE04EC0-301F-11D3-BF4B-00C04F79EFBC}") = "Problem048", "Problem048\Problem048.csproj", "{70022017-0998-4297-98C8-5D78BDCFCF7F}"
EndProject
Project("{FAE04EC0-301F-11D3-BF4B-00C04F79EFBC}") = "Problem024", "Problem024\Problem024.csproj", "{F144A6B2-6A06-45EA-B05D-5C774909465A}"
EndProject
Project("{FAE04EC0-301F-11D3-BF4B-00C04F79EFBC}") = "Problem026", "Problem026\Problem026.csproj", "{86B8610F-B065-40B8-956A-BDFFEBEFCDB9}"
EndProject
Project("{FAE04EC0-301F-11D3-BF4B-00C04F79EFBC}") = "Problem027", "Problem027\Problem027.csproj", "{195BD081-0455-4416-BED9-3FB4597572D5}"
EndProject
Project("{FAE04EC0-301F-11D3-BF4B-00C04F79EFBC}") = "Problem028", "Problem028\Problem028.csproj", "{3AD9C893-B26A-40E0-B17A-3E7EBF4A3DB6}"
EndProject
Project("{FAE04EC0-301F-11D3-BF4B-00C04F79EFBC}") = "Problem030", "Problem030\Problem030.csproj", "{9DD33064-BD7F-425E-8E3A-BC9539D932B4}"
EndProject
Project("{FAE04EC0-301F-11D3-BF4B-00C04F79EFBC}") = "Problem031", "Problem031\Problem031.csproj", "{F2727098-612A-48B3-B6FC-FF814DD37D01}"
EndProject
Project("{FAE04EC0-301F-11D3-BF4B-00C04F79EFBC}") = "Problem032", "Problem032\Problem032.csproj", "{C774DC0B-2BD7-4A04-B6B4-AD587416C3B1}"
EndProject
Project("{FAE04EC0-301F-11D3-BF4B-00C04F79EFBC}") = "Problem033", "Problem033\Problem033.csproj", "{2E0F4C60-C111-419E-858E-D96F03B519E2}"
EndProject
Project("{FAE04EC0-301F-11D3-BF4B-00C04F79EFBC}") = "Problem034", "Problem034\Problem034.csproj", "{FA46A935-9EB4-4741-978B-72FE0245577D}"
EndProject
Project("{FAE04EC0-301F-11D3-BF4B-00C04F79EFBC}") = "Problem035", "Problem035\Problem035.csproj", "{954CCD9A-0600-4164-B3A8-799D1BF7AF8D}"
EndProject
Project("{FAE04EC0-301F-11D3-BF4B-00C04F79EFBC}") = "Problem036", "Problem036\Problem036.csproj", "{B125A289-029E-4E7E-9599-9B3F05297EBC}"
EndProject
Project("{FAE04EC0-301F-11D3-BF4B-00C04F79EFBC}") = "Problem038", "Problem038\Problem038.csproj", "{580DB496-57CB-48A5-A252-909F67452E0B}"
EndProject
Project("{FAE04EC0-301F-11D3-BF4B-00C04F79EFBC}") = "Problem039", "Problem039\Problem039.csproj", "{8451E0CC-28FB-49B0-A904-281C553DEE27}"
EndProject
Project("{FAE04EC0-301F-11D3-BF4B-00C04F79EFBC}") = "Problem040", "Problem040\Problem040.csproj", "{5B504B19-EFE6-4EF9-B3D4-1471290E325E}"
EndProject
Project("{FAE04EC0-301F-11D3-BF4B-00C04F79EFBC}") = "Problem037", "Problem037\Problem037.csproj", "{BB9F83C4-F0A7-4644-AA68-627166337961}"
EndProject
Project("{FAE04EC0-301F-11D3-BF4B-00C04F79EFBC}") = "Problem041", "Problem041\Problem041.csproj", "{BFF66DD2-49A4-4603-96DF-B1109A348F6F}"
EndProject
Project("{FAE04EC0-301F-11D3-BF4B-00C04F79EFBC}") = "Problem042", "Problem042\Problem042.csproj", "{78E78027-5217-420E-B7B9-1C9E492438F5}"
EndProject
Project("{FAE04EC0-301F-11D3-BF4B-00C04F79EFBC}") = "Problem043", "Problem043\Problem043.csproj", "{D695C862-79C9-4868-A4A1-CEB3D381D55C}"
EndProject
Project("{FAE04EC0-301F-11D3-BF4B-00C04F79EFBC}") = "Problem044", "Problem044\Problem044.csproj", "{5CB24183-EFD6-4CCB-A546-E8A5D4CCF086}"
EndProject
Project("{FAE04EC0-301F-11D3-BF4B-00C04F79EFBC}") = "Problem045", "Problem045\Problem045.csproj", "{88DE40F1-A808-4195-BF0C-72771AA04058}"
EndProject
Project("{FAE04EC0-301F-11D3-BF4B-00C04F79EFBC}") = "Problem046", "Problem046\Problem046.csproj", "{4310001F-F35F-4874-A165-33A5EC6EA32B}"
EndProject
Project("{FAE04EC0-301F-11D3-BF4B-00C04F79EFBC}") = "Problem047", "Problem047\Problem047.csproj", "{8B230C24-4CAE-4DCD-9D1B-CAAD45325E53}"
EndProject
Project("{FAE04EC0-301F-11D3-BF4B-00C04F79EFBC}") = "Problem050", "Problem050\Problem050.csproj", "{7D80E670-6FE8-4541-86E2-7ABB91873B87}"
EndProject
Project("{FAE04EC0-301F-11D3-BF4B-00C04F79EFBC}") = "Problem052", "Problem052\Problem052.csproj", "{95C7001A-AC6B-4CBF-B849-151901EE1EC5}"
EndProject
Project("{FAE04EC0-301F-11D3-BF4B-00C04F79EFBC}") = "Problem053", "Problem053\Problem053.csproj", "{01D3EF5C-6E7A-46EA-A401-A51442909D77}"
EndProject
Project("{FAE04EC0-301F-11D3-BF4B-00C04F79EFBC}") = "Problem049", "Problem049\Problem049.csproj", "{E2E6ECED-3FE1-4525-8814-33D26BA70812}"
EndProject
Project("{FAE04EC0-301F-11D3-BF4B-00C04F79EFBC}") = "Problem054", "Problem054\Problem054.csproj", "{83366831-1EDB-40E1-A8F2-D4B7B14B47D8}"
EndProject
Project("{FAE04EC0-301F-11D3-BF4B-00C04F79EFBC}") = "Problem055", "Problem055\Problem055.csproj", "{62370006-C9B0-4896-849D-D19F113116A5}"
EndProject
Project("{FAE04EC0-301F-11D3-BF4B-00C04F79EFBC}") = "Problem092", "Problem092\Problem092.csproj", "{C6783503-3F10-40F7-8B62-BD29CE850397}"
EndProject
Project("{FAE04EC0-301F-11D3-BF4B-00C04F79EFBC}") = "Problem065", "Problem065\Problem065.csproj", "{06EF28D9-3401-4CF3-8C4B-82BEF8E33CA5}"
EndProject
Project("{FAE04EC0-301F-11D3-BF4B-00C04F79EFBC}") = "Problem056", "Problem056\Problem056.csproj", "{36A91B2C-DA38-466C-8640-641D0A8621E7}"
EndProject
Project("{FAE04EC0-301F-11D3-BF4B-00C04F79EFBC}") = "Problem057", "Problem057\Problem057.csproj", "{C9A7F322-12CB-4635-A648-A0903213ED7D}"
EndProject
Project("{FAE04EC0-301F-11D3-BF4B-00C04F79EFBC}") = "Problem059", "Problem059\Problem059.csproj", "{35E7437E-A0AE-4A74-99D1-C58311AFFA56}"
EndProject
Project("{FAE04EC0-301F-11D3-BF4B-00C04F79EFBC}") = "Problem058", "Problem058\Problem058.csproj", "{13AD0EFE-0958-4C87-83D5-DC2FEA372840}"
EndProject
Project("{FAE04EC0-301F-11D3-BF4B-00C04F79EFBC}") = "Problem060", "Problem060\Problem060.csproj", "{D29A4F3A-EAAF-400A-A0B9-FFFE2FF750E4}"
EndProject
Project("{2150E333-8FDC-42A3-9474-1A3956D46DE8}") = "Confused", "Confused", "{F328E525-BDE5-4972-972A-9A2A09287974}"
EndProject
Project("{FAE04EC0-301F-11D3-BF4B-00C04F79EFBC}") = "Problem061", "Problem061\Problem061.csproj", "{39E8A628-4EAE-4532-A507-88C7C72A8826}"
EndProject
Project("{FAE04EC0-301F-11D3-BF4B-00C04F79EFBC}") = "Problem062", "Problem062\Problem062.csproj", "{764AA955-DCB3-44D6-ACB3-5580E0F5243A}"
EndProject
Project("{FAE04EC0-301F-11D3-BF4B-00C04F79EFBC}") = "Problem063", "Problem063\Problem063.csproj", "{723F578B-5B62-4469-937B-1E7E932909A0}"
EndProject
Project("{FAE04EC0-301F-11D3-BF4B-00C04F79EFBC}") = "Problem064", "Problem064\Problem064.csproj", "{E0F31D55-F338-47A8-BB5B-FB820291B813}"
EndProject
Project("{FAE04EC0-301F-11D3-BF4B-00C04F79EFBC}") = "Problem 066", "Problem 066\Problem 066.csproj", "{EDDB109A-4214-4BEC-A4C3-E4E6522358B5}"
EndProject
Project("{FAE04EC0-301F-11D3-BF4B-00C04F79EFBC}") = "Problem067", "Problem067\Problem067.csproj", "{4D8D220A-963D-44CB-8516-AD210AB0F631}"
EndProject
Project("{FAE04EC0-301F-11D3-BF4B-00C04F79EFBC}") = "Problem069", "Problem069\Problem069.csproj", "{E5F1D88B-CE74-4B8B-BA2E-D1BB0A5CDF49}"
EndProject
Project("{FAE04EC0-301F-11D3-BF4B-00C04F79EFBC}") = "Problem070", "Problem070\Problem070.csproj", "{BF662321-EC5A-4DCD-B377-E64341F38C92}"
EndProject
Project("{FAE04EC0-301F-11D3-BF4B-00C04F79EFBC}") = "Problem071", "Problem071\Problem071.csproj", "{BADEA4A1-3475-482B-BD05-A57ADC7E1E2B}"
EndProject
Project("{FAE04EC0-301F-11D3-BF4B-00C04F79EFBC}") = "Problem072", "Problem072\Problem072.csproj", "{C4A85D54-C86F-4491-81B0-AB703C481452}"
EndProject
Project("{FAE04EC0-301F-11D3-BF4B-00C04F79EFBC}") = "Problem073", "Problem073\Problem073.csproj", "{0FD71B9B-5CD7-400F-87AE-9BE578C3BBAF}"
EndProject
Project("{FAE04EC0-301F-11D3-BF4B-00C04F79EFBC}") = "Problem074", "Problem074\Problem074.csproj", "{4A7239F4-6ECF-490F-B4C1-2E5A7A3D6EE0}"
EndProject
Project("{FAE04EC0-301F-11D3-BF4B-00C04F79EFBC}") = "Problem075", "Problem075\Problem075.csproj", "{1CDC4693-451D-454A-A2B4-D5240A1CF9BA}"
EndProject
Project("{FAE04EC0-301F-11D3-BF4B-00C04F79EFBC}") = "Problem076", "Problem076\Problem076.csproj", "{A38AAF00-C56A-41FF-8B1A-D3CEAD97B8E0}"
EndProject
Project("{FAE04EC0-301F-11D3-BF4B-00C04F79EFBC}") = "Problem077", "Problem077\Problem077.csproj", "{1692D57C-DCC3-4C2B-8C33-2B56F0594FED}"
EndProject
Global
	GlobalSection(TestCaseManagementSettings) = postSolution
		CategoryFile = ProjectEulerResolves.vsmdi
	EndGlobalSection
	GlobalSection(SolutionConfigurationPlatforms) = preSolution
		Debug|Any CPU = Debug|Any CPU
		Debug|Mixed Platforms = Debug|Mixed Platforms
		Debug|x86 = Debug|x86
		Release|Any CPU = Release|Any CPU
		Release|Mixed Platforms = Release|Mixed Platforms
		Release|x86 = Release|x86
	EndGlobalSection
	GlobalSection(ProjectConfigurationPlatforms) = postSolution
		{00D99943-038E-4583-AD9E-760936006716}.Debug|Any CPU.ActiveCfg = Debug|Any CPU
		{00D99943-038E-4583-AD9E-760936006716}.Debug|Any CPU.Build.0 = Debug|Any CPU
		{00D99943-038E-4583-AD9E-760936006716}.Debug|Mixed Platforms.ActiveCfg = Debug|Any CPU
		{00D99943-038E-4583-AD9E-760936006716}.Debug|Mixed Platforms.Build.0 = Debug|Any CPU
		{00D99943-038E-4583-AD9E-760936006716}.Debug|x86.ActiveCfg = Debug|Any CPU
		{00D99943-038E-4583-AD9E-760936006716}.Release|Any CPU.ActiveCfg = Release|Any CPU
		{00D99943-038E-4583-AD9E-760936006716}.Release|Any CPU.Build.0 = Release|Any CPU
		{00D99943-038E-4583-AD9E-760936006716}.Release|Mixed Platforms.ActiveCfg = Release|Any CPU
		{00D99943-038E-4583-AD9E-760936006716}.Release|Mixed Platforms.Build.0 = Release|Any CPU
		{00D99943-038E-4583-AD9E-760936006716}.Release|x86.ActiveCfg = Release|Any CPU
		{F48B2E42-A3BE-47AF-9B5E-25D3F4CF721C}.Debug|Any CPU.ActiveCfg = Debug|x86
		{F48B2E42-A3BE-47AF-9B5E-25D3F4CF721C}.Debug|Mixed Platforms.ActiveCfg = Debug|x86
		{F48B2E42-A3BE-47AF-9B5E-25D3F4CF721C}.Debug|Mixed Platforms.Build.0 = Debug|x86
		{F48B2E42-A3BE-47AF-9B5E-25D3F4CF721C}.Debug|x86.ActiveCfg = Debug|x86
		{F48B2E42-A3BE-47AF-9B5E-25D3F4CF721C}.Debug|x86.Build.0 = Debug|x86
		{F48B2E42-A3BE-47AF-9B5E-25D3F4CF721C}.Release|Any CPU.ActiveCfg = Release|x86
		{F48B2E42-A3BE-47AF-9B5E-25D3F4CF721C}.Release|Mixed Platforms.ActiveCfg = Release|x86
		{F48B2E42-A3BE-47AF-9B5E-25D3F4CF721C}.Release|Mixed Platforms.Build.0 = Release|x86
		{F48B2E42-A3BE-47AF-9B5E-25D3F4CF721C}.Release|x86.ActiveCfg = Release|x86
		{F48B2E42-A3BE-47AF-9B5E-25D3F4CF721C}.Release|x86.Build.0 = Release|x86
		{DB17A8BF-0C24-48D2-ADEF-D2945C00AD8D}.Debug|Any CPU.ActiveCfg = Debug|x86
		{DB17A8BF-0C24-48D2-ADEF-D2945C00AD8D}.Debug|Mixed Platforms.ActiveCfg = Debug|x86
		{DB17A8BF-0C24-48D2-ADEF-D2945C00AD8D}.Debug|Mixed Platforms.Build.0 = Debug|x86
		{DB17A8BF-0C24-48D2-ADEF-D2945C00AD8D}.Debug|x86.ActiveCfg = Debug|x86
		{DB17A8BF-0C24-48D2-ADEF-D2945C00AD8D}.Debug|x86.Build.0 = Debug|x86
		{DB17A8BF-0C24-48D2-ADEF-D2945C00AD8D}.Release|Any CPU.ActiveCfg = Release|x86
		{DB17A8BF-0C24-48D2-ADEF-D2945C00AD8D}.Release|Mixed Platforms.ActiveCfg = Release|x86
		{DB17A8BF-0C24-48D2-ADEF-D2945C00AD8D}.Release|Mixed Platforms.Build.0 = Release|x86
		{DB17A8BF-0C24-48D2-ADEF-D2945C00AD8D}.Release|x86.ActiveCfg = Release|x86
		{DB17A8BF-0C24-48D2-ADEF-D2945C00AD8D}.Release|x86.Build.0 = Release|x86
		{9A02679D-276E-450E-803D-02D9D0B23389}.Debug|Any CPU.ActiveCfg = Debug|x86
		{9A02679D-276E-450E-803D-02D9D0B23389}.Debug|Mixed Platforms.ActiveCfg = Debug|x86
		{9A02679D-276E-450E-803D-02D9D0B23389}.Debug|Mixed Platforms.Build.0 = Debug|x86
		{9A02679D-276E-450E-803D-02D9D0B23389}.Debug|x86.ActiveCfg = Debug|x86
		{9A02679D-276E-450E-803D-02D9D0B23389}.Debug|x86.Build.0 = Debug|x86
		{9A02679D-276E-450E-803D-02D9D0B23389}.Release|Any CPU.ActiveCfg = Release|x86
		{9A02679D-276E-450E-803D-02D9D0B23389}.Release|Mixed Platforms.ActiveCfg = Release|x86
		{9A02679D-276E-450E-803D-02D9D0B23389}.Release|Mixed Platforms.Build.0 = Release|x86
		{9A02679D-276E-450E-803D-02D9D0B23389}.Release|x86.ActiveCfg = Release|x86
		{9A02679D-276E-450E-803D-02D9D0B23389}.Release|x86.Build.0 = Release|x86
		{B64439A8-025C-4689-A3FE-EE09E5EAD842}.Debug|Any CPU.ActiveCfg = Debug|x86
		{B64439A8-025C-4689-A3FE-EE09E5EAD842}.Debug|Mixed Platforms.ActiveCfg = Debug|x86
		{B64439A8-025C-4689-A3FE-EE09E5EAD842}.Debug|Mixed Platforms.Build.0 = Debug|x86
		{B64439A8-025C-4689-A3FE-EE09E5EAD842}.Debug|x86.ActiveCfg = Debug|x86
		{B64439A8-025C-4689-A3FE-EE09E5EAD842}.Debug|x86.Build.0 = Debug|x86
		{B64439A8-025C-4689-A3FE-EE09E5EAD842}.Release|Any CPU.ActiveCfg = Release|x86
		{B64439A8-025C-4689-A3FE-EE09E5EAD842}.Release|Mixed Platforms.ActiveCfg = Release|x86
		{B64439A8-025C-4689-A3FE-EE09E5EAD842}.Release|Mixed Platforms.Build.0 = Release|x86
		{B64439A8-025C-4689-A3FE-EE09E5EAD842}.Release|x86.ActiveCfg = Release|x86
		{B64439A8-025C-4689-A3FE-EE09E5EAD842}.Release|x86.Build.0 = Release|x86
		{144B1445-07D0-47E0-AD29-2AD4AE56820F}.Debug|Any CPU.ActiveCfg = Debug|x86
		{144B1445-07D0-47E0-AD29-2AD4AE56820F}.Debug|Mixed Platforms.ActiveCfg = Debug|x86
		{144B1445-07D0-47E0-AD29-2AD4AE56820F}.Debug|Mixed Platforms.Build.0 = Debug|x86
		{144B1445-07D0-47E0-AD29-2AD4AE56820F}.Debug|x86.ActiveCfg = Debug|x86
		{144B1445-07D0-47E0-AD29-2AD4AE56820F}.Debug|x86.Build.0 = Debug|x86
		{144B1445-07D0-47E0-AD29-2AD4AE56820F}.Release|Any CPU.ActiveCfg = Release|x86
		{144B1445-07D0-47E0-AD29-2AD4AE56820F}.Release|Mixed Platforms.ActiveCfg = Release|x86
		{144B1445-07D0-47E0-AD29-2AD4AE56820F}.Release|Mixed Platforms.Build.0 = Release|x86
		{144B1445-07D0-47E0-AD29-2AD4AE56820F}.Release|x86.ActiveCfg = Release|x86
		{144B1445-07D0-47E0-AD29-2AD4AE56820F}.Release|x86.Build.0 = Release|x86
		{EA97DDD3-A86D-44AC-88BE-81E6CE8381A6}.Debug|Any CPU.ActiveCfg = Debug|x86
		{EA97DDD3-A86D-44AC-88BE-81E6CE8381A6}.Debug|Mixed Platforms.ActiveCfg = Debug|x86
		{EA97DDD3-A86D-44AC-88BE-81E6CE8381A6}.Debug|Mixed Platforms.Build.0 = Debug|x86
		{EA97DDD3-A86D-44AC-88BE-81E6CE8381A6}.Debug|x86.ActiveCfg = Debug|x86
		{EA97DDD3-A86D-44AC-88BE-81E6CE8381A6}.Debug|x86.Build.0 = Debug|x86
		{EA97DDD3-A86D-44AC-88BE-81E6CE8381A6}.Release|Any CPU.ActiveCfg = Release|x86
		{EA97DDD3-A86D-44AC-88BE-81E6CE8381A6}.Release|Mixed Platforms.ActiveCfg = Release|x86
		{EA97DDD3-A86D-44AC-88BE-81E6CE8381A6}.Release|Mixed Platforms.Build.0 = Release|x86
		{EA97DDD3-A86D-44AC-88BE-81E6CE8381A6}.Release|x86.ActiveCfg = Release|x86
		{EA97DDD3-A86D-44AC-88BE-81E6CE8381A6}.Release|x86.Build.0 = Release|x86
		{605E9989-51B7-4787-86B6-D9F8B906CAF1}.Debug|Any CPU.ActiveCfg = Debug|x86
		{605E9989-51B7-4787-86B6-D9F8B906CAF1}.Debug|Mixed Platforms.ActiveCfg = Debug|x86
		{605E9989-51B7-4787-86B6-D9F8B906CAF1}.Debug|Mixed Platforms.Build.0 = Debug|x86
		{605E9989-51B7-4787-86B6-D9F8B906CAF1}.Debug|x86.ActiveCfg = Debug|x86
		{605E9989-51B7-4787-86B6-D9F8B906CAF1}.Debug|x86.Build.0 = Debug|x86
		{605E9989-51B7-4787-86B6-D9F8B906CAF1}.Release|Any CPU.ActiveCfg = Release|x86
		{605E9989-51B7-4787-86B6-D9F8B906CAF1}.Release|Mixed Platforms.ActiveCfg = Release|x86
		{605E9989-51B7-4787-86B6-D9F8B906CAF1}.Release|Mixed Platforms.Build.0 = Release|x86
		{605E9989-51B7-4787-86B6-D9F8B906CAF1}.Release|x86.ActiveCfg = Release|x86
		{605E9989-51B7-4787-86B6-D9F8B906CAF1}.Release|x86.Build.0 = Release|x86
		{55B10379-56BD-453D-8D33-F2A773D4C0B6}.Debug|Any CPU.ActiveCfg = Debug|x86
		{55B10379-56BD-453D-8D33-F2A773D4C0B6}.Debug|Mixed Platforms.ActiveCfg = Debug|x86
		{55B10379-56BD-453D-8D33-F2A773D4C0B6}.Debug|Mixed Platforms.Build.0 = Debug|x86
		{55B10379-56BD-453D-8D33-F2A773D4C0B6}.Debug|x86.ActiveCfg = Debug|x86
		{55B10379-56BD-453D-8D33-F2A773D4C0B6}.Debug|x86.Build.0 = Debug|x86
		{55B10379-56BD-453D-8D33-F2A773D4C0B6}.Release|Any CPU.ActiveCfg = Release|x86
		{55B10379-56BD-453D-8D33-F2A773D4C0B6}.Release|Mixed Platforms.ActiveCfg = Release|x86
		{55B10379-56BD-453D-8D33-F2A773D4C0B6}.Release|Mixed Platforms.Build.0 = Release|x86
		{55B10379-56BD-453D-8D33-F2A773D4C0B6}.Release|x86.ActiveCfg = Release|x86
		{55B10379-56BD-453D-8D33-F2A773D4C0B6}.Release|x86.Build.0 = Release|x86
		{0362E3C9-1779-4C45-AC94-FD50DE3DC486}.Debug|Any CPU.ActiveCfg = Debug|x86
		{0362E3C9-1779-4C45-AC94-FD50DE3DC486}.Debug|Mixed Platforms.ActiveCfg = Debug|x86
		{0362E3C9-1779-4C45-AC94-FD50DE3DC486}.Debug|Mixed Platforms.Build.0 = Debug|x86
		{0362E3C9-1779-4C45-AC94-FD50DE3DC486}.Debug|x86.ActiveCfg = Debug|x86
		{0362E3C9-1779-4C45-AC94-FD50DE3DC486}.Debug|x86.Build.0 = Debug|x86
		{0362E3C9-1779-4C45-AC94-FD50DE3DC486}.Release|Any CPU.ActiveCfg = Release|x86
		{0362E3C9-1779-4C45-AC94-FD50DE3DC486}.Release|Mixed Platforms.ActiveCfg = Release|x86
		{0362E3C9-1779-4C45-AC94-FD50DE3DC486}.Release|Mixed Platforms.Build.0 = Release|x86
		{0362E3C9-1779-4C45-AC94-FD50DE3DC486}.Release|x86.ActiveCfg = Release|x86
		{0362E3C9-1779-4C45-AC94-FD50DE3DC486}.Release|x86.Build.0 = Release|x86
		{D3605741-998F-4D05-9DFE-95B9330B91DF}.Debug|Any CPU.ActiveCfg = Debug|x86
		{D3605741-998F-4D05-9DFE-95B9330B91DF}.Debug|Mixed Platforms.ActiveCfg = Debug|x86
		{D3605741-998F-4D05-9DFE-95B9330B91DF}.Debug|Mixed Platforms.Build.0 = Debug|x86
		{D3605741-998F-4D05-9DFE-95B9330B91DF}.Debug|x86.ActiveCfg = Debug|x86
		{D3605741-998F-4D05-9DFE-95B9330B91DF}.Debug|x86.Build.0 = Debug|x86
		{D3605741-998F-4D05-9DFE-95B9330B91DF}.Release|Any CPU.ActiveCfg = Release|x86
		{D3605741-998F-4D05-9DFE-95B9330B91DF}.Release|Mixed Platforms.ActiveCfg = Release|x86
		{D3605741-998F-4D05-9DFE-95B9330B91DF}.Release|Mixed Platforms.Build.0 = Release|x86
		{D3605741-998F-4D05-9DFE-95B9330B91DF}.Release|x86.ActiveCfg = Release|x86
		{D3605741-998F-4D05-9DFE-95B9330B91DF}.Release|x86.Build.0 = Release|x86
		{650A4B9D-E7A5-4E58-B947-0654201ED3C5}.Debug|Any CPU.ActiveCfg = Debug|x86
		{650A4B9D-E7A5-4E58-B947-0654201ED3C5}.Debug|Mixed Platforms.ActiveCfg = Debug|x86
		{650A4B9D-E7A5-4E58-B947-0654201ED3C5}.Debug|Mixed Platforms.Build.0 = Debug|x86
		{650A4B9D-E7A5-4E58-B947-0654201ED3C5}.Debug|x86.ActiveCfg = Debug|x86
		{650A4B9D-E7A5-4E58-B947-0654201ED3C5}.Debug|x86.Build.0 = Debug|x86
		{650A4B9D-E7A5-4E58-B947-0654201ED3C5}.Release|Any CPU.ActiveCfg = Release|x86
		{650A4B9D-E7A5-4E58-B947-0654201ED3C5}.Release|Mixed Platforms.ActiveCfg = Release|x86
		{650A4B9D-E7A5-4E58-B947-0654201ED3C5}.Release|Mixed Platforms.Build.0 = Release|x86
		{650A4B9D-E7A5-4E58-B947-0654201ED3C5}.Release|x86.ActiveCfg = Release|x86
		{650A4B9D-E7A5-4E58-B947-0654201ED3C5}.Release|x86.Build.0 = Release|x86
		{CBA7AFA4-8821-4321-A4CD-FECD17707775}.Debug|Any CPU.ActiveCfg = Debug|x86
		{CBA7AFA4-8821-4321-A4CD-FECD17707775}.Debug|Mixed Platforms.ActiveCfg = Debug|x86
		{CBA7AFA4-8821-4321-A4CD-FECD17707775}.Debug|Mixed Platforms.Build.0 = Debug|x86
		{CBA7AFA4-8821-4321-A4CD-FECD17707775}.Debug|x86.ActiveCfg = Debug|x86
		{CBA7AFA4-8821-4321-A4CD-FECD17707775}.Debug|x86.Build.0 = Debug|x86
		{CBA7AFA4-8821-4321-A4CD-FECD17707775}.Release|Any CPU.ActiveCfg = Release|x86
		{CBA7AFA4-8821-4321-A4CD-FECD17707775}.Release|Mixed Platforms.ActiveCfg = Release|x86
		{CBA7AFA4-8821-4321-A4CD-FECD17707775}.Release|Mixed Platforms.Build.0 = Release|x86
		{CBA7AFA4-8821-4321-A4CD-FECD17707775}.Release|x86.ActiveCfg = Release|x86
		{CBA7AFA4-8821-4321-A4CD-FECD17707775}.Release|x86.Build.0 = Release|x86
		{62E246FB-8FC9-4F9B-9C78-5B1EC48CBAC5}.Debug|Any CPU.ActiveCfg = Debug|x86
		{62E246FB-8FC9-4F9B-9C78-5B1EC48CBAC5}.Debug|Mixed Platforms.ActiveCfg = Debug|x86
		{62E246FB-8FC9-4F9B-9C78-5B1EC48CBAC5}.Debug|Mixed Platforms.Build.0 = Debug|x86
		{62E246FB-8FC9-4F9B-9C78-5B1EC48CBAC5}.Debug|x86.ActiveCfg = Debug|x86
		{62E246FB-8FC9-4F9B-9C78-5B1EC48CBAC5}.Debug|x86.Build.0 = Debug|x86
		{62E246FB-8FC9-4F9B-9C78-5B1EC48CBAC5}.Release|Any CPU.ActiveCfg = Release|x86
		{62E246FB-8FC9-4F9B-9C78-5B1EC48CBAC5}.Release|Mixed Platforms.ActiveCfg = Release|x86
		{62E246FB-8FC9-4F9B-9C78-5B1EC48CBAC5}.Release|Mixed Platforms.Build.0 = Release|x86
		{62E246FB-8FC9-4F9B-9C78-5B1EC48CBAC5}.Release|x86.ActiveCfg = Release|x86
		{62E246FB-8FC9-4F9B-9C78-5B1EC48CBAC5}.Release|x86.Build.0 = Release|x86
		{3F99999B-5AE0-42AE-9F95-74F18CC3AD83}.Debug|Any CPU.ActiveCfg = Debug|x86
		{3F99999B-5AE0-42AE-9F95-74F18CC3AD83}.Debug|Mixed Platforms.ActiveCfg = Debug|x86
		{3F99999B-5AE0-42AE-9F95-74F18CC3AD83}.Debug|Mixed Platforms.Build.0 = Debug|x86
		{3F99999B-5AE0-42AE-9F95-74F18CC3AD83}.Debug|x86.ActiveCfg = Debug|x86
		{3F99999B-5AE0-42AE-9F95-74F18CC3AD83}.Debug|x86.Build.0 = Debug|x86
		{3F99999B-5AE0-42AE-9F95-74F18CC3AD83}.Release|Any CPU.ActiveCfg = Release|x86
		{3F99999B-5AE0-42AE-9F95-74F18CC3AD83}.Release|Mixed Platforms.ActiveCfg = Release|x86
		{3F99999B-5AE0-42AE-9F95-74F18CC3AD83}.Release|Mixed Platforms.Build.0 = Release|x86
		{3F99999B-5AE0-42AE-9F95-74F18CC3AD83}.Release|x86.ActiveCfg = Release|x86
		{3F99999B-5AE0-42AE-9F95-74F18CC3AD83}.Release|x86.Build.0 = Release|x86
		{B64E7123-6062-423E-83B4-B4DBCAE33234}.Debug|Any CPU.ActiveCfg = Debug|x86
		{B64E7123-6062-423E-83B4-B4DBCAE33234}.Debug|Mixed Platforms.ActiveCfg = Debug|x86
		{B64E7123-6062-423E-83B4-B4DBCAE33234}.Debug|Mixed Platforms.Build.0 = Debug|x86
		{B64E7123-6062-423E-83B4-B4DBCAE33234}.Debug|x86.ActiveCfg = Debug|x86
		{B64E7123-6062-423E-83B4-B4DBCAE33234}.Debug|x86.Build.0 = Debug|x86
		{B64E7123-6062-423E-83B4-B4DBCAE33234}.Release|Any CPU.ActiveCfg = Release|x86
		{B64E7123-6062-423E-83B4-B4DBCAE33234}.Release|Mixed Platforms.ActiveCfg = Release|x86
		{B64E7123-6062-423E-83B4-B4DBCAE33234}.Release|Mixed Platforms.Build.0 = Release|x86
		{B64E7123-6062-423E-83B4-B4DBCAE33234}.Release|x86.ActiveCfg = Release|x86
		{B64E7123-6062-423E-83B4-B4DBCAE33234}.Release|x86.Build.0 = Release|x86
		{97F8BB1D-CA55-4A4D-9601-4917FB657212}.Debug|Any CPU.ActiveCfg = Debug|x86
		{97F8BB1D-CA55-4A4D-9601-4917FB657212}.Debug|Mixed Platforms.ActiveCfg = Debug|x86
		{97F8BB1D-CA55-4A4D-9601-4917FB657212}.Debug|Mixed Platforms.Build.0 = Debug|x86
		{97F8BB1D-CA55-4A4D-9601-4917FB657212}.Debug|x86.ActiveCfg = Debug|x86
		{97F8BB1D-CA55-4A4D-9601-4917FB657212}.Debug|x86.Build.0 = Debug|x86
		{97F8BB1D-CA55-4A4D-9601-4917FB657212}.Release|Any CPU.ActiveCfg = Release|x86
		{97F8BB1D-CA55-4A4D-9601-4917FB657212}.Release|Mixed Platforms.ActiveCfg = Release|x86
		{97F8BB1D-CA55-4A4D-9601-4917FB657212}.Release|Mixed Platforms.Build.0 = Release|x86
		{97F8BB1D-CA55-4A4D-9601-4917FB657212}.Release|x86.ActiveCfg = Release|x86
		{97F8BB1D-CA55-4A4D-9601-4917FB657212}.Release|x86.Build.0 = Release|x86
		{F6D57B0A-CEFF-4B64-9A3F-EAA1917BEB16}.Debug|Any CPU.ActiveCfg = Debug|x86
		{F6D57B0A-CEFF-4B64-9A3F-EAA1917BEB16}.Debug|Mixed Platforms.ActiveCfg = Debug|x86
		{F6D57B0A-CEFF-4B64-9A3F-EAA1917BEB16}.Debug|Mixed Platforms.Build.0 = Debug|x86
		{F6D57B0A-CEFF-4B64-9A3F-EAA1917BEB16}.Debug|x86.ActiveCfg = Debug|x86
		{F6D57B0A-CEFF-4B64-9A3F-EAA1917BEB16}.Debug|x86.Build.0 = Debug|x86
		{F6D57B0A-CEFF-4B64-9A3F-EAA1917BEB16}.Release|Any CPU.ActiveCfg = Release|x86
		{F6D57B0A-CEFF-4B64-9A3F-EAA1917BEB16}.Release|Mixed Platforms.ActiveCfg = Release|x86
		{F6D57B0A-CEFF-4B64-9A3F-EAA1917BEB16}.Release|Mixed Platforms.Build.0 = Release|x86
		{F6D57B0A-CEFF-4B64-9A3F-EAA1917BEB16}.Release|x86.ActiveCfg = Release|x86
		{F6D57B0A-CEFF-4B64-9A3F-EAA1917BEB16}.Release|x86.Build.0 = Release|x86
		{FB73B971-7ADC-4677-B88F-20BD48B7C389}.Debug|Any CPU.ActiveCfg = Debug|x86
		{FB73B971-7ADC-4677-B88F-20BD48B7C389}.Debug|Mixed Platforms.ActiveCfg = Debug|x86
		{FB73B971-7ADC-4677-B88F-20BD48B7C389}.Debug|Mixed Platforms.Build.0 = Debug|x86
		{FB73B971-7ADC-4677-B88F-20BD48B7C389}.Debug|x86.ActiveCfg = Debug|x86
		{FB73B971-7ADC-4677-B88F-20BD48B7C389}.Debug|x86.Build.0 = Debug|x86
		{FB73B971-7ADC-4677-B88F-20BD48B7C389}.Release|Any CPU.ActiveCfg = Release|x86
		{FB73B971-7ADC-4677-B88F-20BD48B7C389}.Release|Mixed Platforms.ActiveCfg = Release|x86
		{FB73B971-7ADC-4677-B88F-20BD48B7C389}.Release|Mixed Platforms.Build.0 = Release|x86
		{FB73B971-7ADC-4677-B88F-20BD48B7C389}.Release|x86.ActiveCfg = Release|x86
		{FB73B971-7ADC-4677-B88F-20BD48B7C389}.Release|x86.Build.0 = Release|x86
		{FAE25E78-B936-4EFF-9FAE-3A8C5AB84A58}.Debug|Any CPU.ActiveCfg = Debug|x86
		{FAE25E78-B936-4EFF-9FAE-3A8C5AB84A58}.Debug|Mixed Platforms.ActiveCfg = Debug|x86
		{FAE25E78-B936-4EFF-9FAE-3A8C5AB84A58}.Debug|Mixed Platforms.Build.0 = Debug|x86
		{FAE25E78-B936-4EFF-9FAE-3A8C5AB84A58}.Debug|x86.ActiveCfg = Debug|x86
		{FAE25E78-B936-4EFF-9FAE-3A8C5AB84A58}.Debug|x86.Build.0 = Debug|x86
		{FAE25E78-B936-4EFF-9FAE-3A8C5AB84A58}.Release|Any CPU.ActiveCfg = Release|x86
		{FAE25E78-B936-4EFF-9FAE-3A8C5AB84A58}.Release|Mixed Platforms.ActiveCfg = Release|x86
		{FAE25E78-B936-4EFF-9FAE-3A8C5AB84A58}.Release|Mixed Platforms.Build.0 = Release|x86
		{FAE25E78-B936-4EFF-9FAE-3A8C5AB84A58}.Release|x86.ActiveCfg = Release|x86
		{FAE25E78-B936-4EFF-9FAE-3A8C5AB84A58}.Release|x86.Build.0 = Release|x86
		{F09E04DA-AFB3-411D-B8D1-EC0D53E9860B}.Debug|Any CPU.ActiveCfg = Debug|x86
		{F09E04DA-AFB3-411D-B8D1-EC0D53E9860B}.Debug|Mixed Platforms.ActiveCfg = Debug|x86
		{F09E04DA-AFB3-411D-B8D1-EC0D53E9860B}.Debug|Mixed Platforms.Build.0 = Debug|x86
		{F09E04DA-AFB3-411D-B8D1-EC0D53E9860B}.Debug|x86.ActiveCfg = Debug|x86
		{F09E04DA-AFB3-411D-B8D1-EC0D53E9860B}.Debug|x86.Build.0 = Debug|x86
		{F09E04DA-AFB3-411D-B8D1-EC0D53E9860B}.Release|Any CPU.ActiveCfg = Release|x86
		{F09E04DA-AFB3-411D-B8D1-EC0D53E9860B}.Release|Mixed Platforms.ActiveCfg = Release|x86
		{F09E04DA-AFB3-411D-B8D1-EC0D53E9860B}.Release|Mixed Platforms.Build.0 = Release|x86
		{F09E04DA-AFB3-411D-B8D1-EC0D53E9860B}.Release|x86.ActiveCfg = Release|x86
		{F09E04DA-AFB3-411D-B8D1-EC0D53E9860B}.Release|x86.Build.0 = Release|x86
		{68708775-E384-487F-BCF1-CEA3406C7928}.Debug|Any CPU.ActiveCfg = Debug|x86
		{68708775-E384-487F-BCF1-CEA3406C7928}.Debug|Mixed Platforms.ActiveCfg = Debug|x86
		{68708775-E384-487F-BCF1-CEA3406C7928}.Debug|Mixed Platforms.Build.0 = Debug|x86
		{68708775-E384-487F-BCF1-CEA3406C7928}.Debug|x86.ActiveCfg = Debug|x86
		{68708775-E384-487F-BCF1-CEA3406C7928}.Debug|x86.Build.0 = Debug|x86
		{68708775-E384-487F-BCF1-CEA3406C7928}.Release|Any CPU.ActiveCfg = Release|x86
		{68708775-E384-487F-BCF1-CEA3406C7928}.Release|Mixed Platforms.ActiveCfg = Release|x86
		{68708775-E384-487F-BCF1-CEA3406C7928}.Release|Mixed Platforms.Build.0 = Release|x86
		{68708775-E384-487F-BCF1-CEA3406C7928}.Release|x86.ActiveCfg = Release|x86
		{68708775-E384-487F-BCF1-CEA3406C7928}.Release|x86.Build.0 = Release|x86
		{A2D5C1AE-AFD6-4335-A429-F0EC4C900F26}.Debug|Any CPU.ActiveCfg = Debug|x86
		{A2D5C1AE-AFD6-4335-A429-F0EC4C900F26}.Debug|Mixed Platforms.ActiveCfg = Debug|x86
		{A2D5C1AE-AFD6-4335-A429-F0EC4C900F26}.Debug|Mixed Platforms.Build.0 = Debug|x86
		{A2D5C1AE-AFD6-4335-A429-F0EC4C900F26}.Debug|x86.ActiveCfg = Debug|x86
		{A2D5C1AE-AFD6-4335-A429-F0EC4C900F26}.Debug|x86.Build.0 = Debug|x86
		{A2D5C1AE-AFD6-4335-A429-F0EC4C900F26}.Release|Any CPU.ActiveCfg = Release|x86
		{A2D5C1AE-AFD6-4335-A429-F0EC4C900F26}.Release|Mixed Platforms.ActiveCfg = Release|x86
		{A2D5C1AE-AFD6-4335-A429-F0EC4C900F26}.Release|Mixed Platforms.Build.0 = Release|x86
		{A2D5C1AE-AFD6-4335-A429-F0EC4C900F26}.Release|x86.ActiveCfg = Release|x86
		{A2D5C1AE-AFD6-4335-A429-F0EC4C900F26}.Release|x86.Build.0 = Release|x86
		{D8C6EDA9-63E9-4CCA-A1B0-BD652032B842}.Debug|Any CPU.ActiveCfg = Debug|x86
		{D8C6EDA9-63E9-4CCA-A1B0-BD652032B842}.Debug|Mixed Platforms.ActiveCfg = Debug|x86
		{D8C6EDA9-63E9-4CCA-A1B0-BD652032B842}.Debug|Mixed Platforms.Build.0 = Debug|x86
		{D8C6EDA9-63E9-4CCA-A1B0-BD652032B842}.Debug|x86.ActiveCfg = Debug|x86
		{D8C6EDA9-63E9-4CCA-A1B0-BD652032B842}.Debug|x86.Build.0 = Debug|x86
		{D8C6EDA9-63E9-4CCA-A1B0-BD652032B842}.Release|Any CPU.ActiveCfg = Release|x86
		{D8C6EDA9-63E9-4CCA-A1B0-BD652032B842}.Release|Mixed Platforms.ActiveCfg = Release|x86
		{D8C6EDA9-63E9-4CCA-A1B0-BD652032B842}.Release|Mixed Platforms.Build.0 = Release|x86
		{D8C6EDA9-63E9-4CCA-A1B0-BD652032B842}.Release|x86.ActiveCfg = Release|x86
		{D8C6EDA9-63E9-4CCA-A1B0-BD652032B842}.Release|x86.Build.0 = Release|x86
		{D866FAFD-153A-4D42-A1BC-10C812BB6201}.Debug|Any CPU.ActiveCfg = Debug|x86
		{D866FAFD-153A-4D42-A1BC-10C812BB6201}.Debug|Mixed Platforms.ActiveCfg = Debug|x86
		{D866FAFD-153A-4D42-A1BC-10C812BB6201}.Debug|Mixed Platforms.Build.0 = Debug|x86
		{D866FAFD-153A-4D42-A1BC-10C812BB6201}.Debug|x86.ActiveCfg = Debug|x86
		{D866FAFD-153A-4D42-A1BC-10C812BB6201}.Debug|x86.Build.0 = Debug|x86
		{D866FAFD-153A-4D42-A1BC-10C812BB6201}.Release|Any CPU.ActiveCfg = Release|x86
		{D866FAFD-153A-4D42-A1BC-10C812BB6201}.Release|Mixed Platforms.ActiveCfg = Release|x86
		{D866FAFD-153A-4D42-A1BC-10C812BB6201}.Release|Mixed Platforms.Build.0 = Release|x86
		{D866FAFD-153A-4D42-A1BC-10C812BB6201}.Release|x86.ActiveCfg = Release|x86
		{D866FAFD-153A-4D42-A1BC-10C812BB6201}.Release|x86.Build.0 = Release|x86
		{70022017-0998-4297-98C8-5D78BDCFCF7F}.Debug|Any CPU.ActiveCfg = Debug|x86
		{70022017-0998-4297-98C8-5D78BDCFCF7F}.Debug|Mixed Platforms.ActiveCfg = Debug|x86
		{70022017-0998-4297-98C8-5D78BDCFCF7F}.Debug|Mixed Platforms.Build.0 = Debug|x86
		{70022017-0998-4297-98C8-5D78BDCFCF7F}.Debug|x86.ActiveCfg = Debug|x86
		{70022017-0998-4297-98C8-5D78BDCFCF7F}.Debug|x86.Build.0 = Debug|x86
		{70022017-0998-4297-98C8-5D78BDCFCF7F}.Release|Any CPU.ActiveCfg = Release|x86
		{70022017-0998-4297-98C8-5D78BDCFCF7F}.Release|Mixed Platforms.ActiveCfg = Release|x86
		{70022017-0998-4297-98C8-5D78BDCFCF7F}.Release|Mixed Platforms.Build.0 = Release|x86
		{70022017-0998-4297-98C8-5D78BDCFCF7F}.Release|x86.ActiveCfg = Release|x86
		{70022017-0998-4297-98C8-5D78BDCFCF7F}.Release|x86.Build.0 = Release|x86
		{F144A6B2-6A06-45EA-B05D-5C774909465A}.Debug|Any CPU.ActiveCfg = Debug|x86
		{F144A6B2-6A06-45EA-B05D-5C774909465A}.Debug|Mixed Platforms.ActiveCfg = Debug|x86
		{F144A6B2-6A06-45EA-B05D-5C774909465A}.Debug|Mixed Platforms.Build.0 = Debug|x86
		{F144A6B2-6A06-45EA-B05D-5C774909465A}.Debug|x86.ActiveCfg = Debug|x86
		{F144A6B2-6A06-45EA-B05D-5C774909465A}.Debug|x86.Build.0 = Debug|x86
		{F144A6B2-6A06-45EA-B05D-5C774909465A}.Release|Any CPU.ActiveCfg = Release|x86
		{F144A6B2-6A06-45EA-B05D-5C774909465A}.Release|Mixed Platforms.ActiveCfg = Release|x86
		{F144A6B2-6A06-45EA-B05D-5C774909465A}.Release|Mixed Platforms.Build.0 = Release|x86
		{F144A6B2-6A06-45EA-B05D-5C774909465A}.Release|x86.ActiveCfg = Release|x86
		{F144A6B2-6A06-45EA-B05D-5C774909465A}.Release|x86.Build.0 = Release|x86
		{86B8610F-B065-40B8-956A-BDFFEBEFCDB9}.Debug|Any CPU.ActiveCfg = Debug|x86
		{86B8610F-B065-40B8-956A-BDFFEBEFCDB9}.Debug|Mixed Platforms.ActiveCfg = Debug|x86
		{86B8610F-B065-40B8-956A-BDFFEBEFCDB9}.Debug|Mixed Platforms.Build.0 = Debug|x86
		{86B8610F-B065-40B8-956A-BDFFEBEFCDB9}.Debug|x86.ActiveCfg = Debug|x86
		{86B8610F-B065-40B8-956A-BDFFEBEFCDB9}.Debug|x86.Build.0 = Debug|x86
		{86B8610F-B065-40B8-956A-BDFFEBEFCDB9}.Release|Any CPU.ActiveCfg = Release|x86
		{86B8610F-B065-40B8-956A-BDFFEBEFCDB9}.Release|Mixed Platforms.ActiveCfg = Release|x86
		{86B8610F-B065-40B8-956A-BDFFEBEFCDB9}.Release|Mixed Platforms.Build.0 = Release|x86
		{86B8610F-B065-40B8-956A-BDFFEBEFCDB9}.Release|x86.ActiveCfg = Release|x86
		{86B8610F-B065-40B8-956A-BDFFEBEFCDB9}.Release|x86.Build.0 = Release|x86
		{195BD081-0455-4416-BED9-3FB4597572D5}.Debug|Any CPU.ActiveCfg = Debug|x86
		{195BD081-0455-4416-BED9-3FB4597572D5}.Debug|Mixed Platforms.ActiveCfg = Debug|x86
		{195BD081-0455-4416-BED9-3FB4597572D5}.Debug|Mixed Platforms.Build.0 = Debug|x86
		{195BD081-0455-4416-BED9-3FB4597572D5}.Debug|x86.ActiveCfg = Debug|x86
		{195BD081-0455-4416-BED9-3FB4597572D5}.Debug|x86.Build.0 = Debug|x86
		{195BD081-0455-4416-BED9-3FB4597572D5}.Release|Any CPU.ActiveCfg = Release|x86
		{195BD081-0455-4416-BED9-3FB4597572D5}.Release|Mixed Platforms.ActiveCfg = Release|x86
		{195BD081-0455-4416-BED9-3FB4597572D5}.Release|Mixed Platforms.Build.0 = Release|x86
		{195BD081-0455-4416-BED9-3FB4597572D5}.Release|x86.ActiveCfg = Release|x86
		{195BD081-0455-4416-BED9-3FB4597572D5}.Release|x86.Build.0 = Release|x86
		{3AD9C893-B26A-40E0-B17A-3E7EBF4A3DB6}.Debug|Any CPU.ActiveCfg = Debug|x86
		{3AD9C893-B26A-40E0-B17A-3E7EBF4A3DB6}.Debug|Mixed Platforms.ActiveCfg = Debug|x86
		{3AD9C893-B26A-40E0-B17A-3E7EBF4A3DB6}.Debug|Mixed Platforms.Build.0 = Debug|x86
		{3AD9C893-B26A-40E0-B17A-3E7EBF4A3DB6}.Debug|x86.ActiveCfg = Debug|x86
		{3AD9C893-B26A-40E0-B17A-3E7EBF4A3DB6}.Debug|x86.Build.0 = Debug|x86
		{3AD9C893-B26A-40E0-B17A-3E7EBF4A3DB6}.Release|Any CPU.ActiveCfg = Release|x86
		{3AD9C893-B26A-40E0-B17A-3E7EBF4A3DB6}.Release|Mixed Platforms.ActiveCfg = Release|x86
		{3AD9C893-B26A-40E0-B17A-3E7EBF4A3DB6}.Release|Mixed Platforms.Build.0 = Release|x86
		{3AD9C893-B26A-40E0-B17A-3E7EBF4A3DB6}.Release|x86.ActiveCfg = Release|x86
		{3AD9C893-B26A-40E0-B17A-3E7EBF4A3DB6}.Release|x86.Build.0 = Release|x86
		{9DD33064-BD7F-425E-8E3A-BC9539D932B4}.Debug|Any CPU.ActiveCfg = Debug|x86
		{9DD33064-BD7F-425E-8E3A-BC9539D932B4}.Debug|Mixed Platforms.ActiveCfg = Debug|x86
		{9DD33064-BD7F-425E-8E3A-BC9539D932B4}.Debug|Mixed Platforms.Build.0 = Debug|x86
		{9DD33064-BD7F-425E-8E3A-BC9539D932B4}.Debug|x86.ActiveCfg = Debug|x86
		{9DD33064-BD7F-425E-8E3A-BC9539D932B4}.Debug|x86.Build.0 = Debug|x86
		{9DD33064-BD7F-425E-8E3A-BC9539D932B4}.Release|Any CPU.ActiveCfg = Release|x86
		{9DD33064-BD7F-425E-8E3A-BC9539D932B4}.Release|Mixed Platforms.ActiveCfg = Release|x86
		{9DD33064-BD7F-425E-8E3A-BC9539D932B4}.Release|Mixed Platforms.Build.0 = Release|x86
		{9DD33064-BD7F-425E-8E3A-BC9539D932B4}.Release|x86.ActiveCfg = Release|x86
		{9DD33064-BD7F-425E-8E3A-BC9539D932B4}.Release|x86.Build.0 = Release|x86
		{F2727098-612A-48B3-B6FC-FF814DD37D01}.Debug|Any CPU.ActiveCfg = Debug|x86
		{F2727098-612A-48B3-B6FC-FF814DD37D01}.Debug|Mixed Platforms.ActiveCfg = Debug|x86
		{F2727098-612A-48B3-B6FC-FF814DD37D01}.Debug|Mixed Platforms.Build.0 = Debug|x86
		{F2727098-612A-48B3-B6FC-FF814DD37D01}.Debug|x86.ActiveCfg = Debug|x86
		{F2727098-612A-48B3-B6FC-FF814DD37D01}.Debug|x86.Build.0 = Debug|x86
		{F2727098-612A-48B3-B6FC-FF814DD37D01}.Release|Any CPU.ActiveCfg = Release|x86
		{F2727098-612A-48B3-B6FC-FF814DD37D01}.Release|Mixed Platforms.ActiveCfg = Release|x86
		{F2727098-612A-48B3-B6FC-FF814DD37D01}.Release|Mixed Platforms.Build.0 = Release|x86
		{F2727098-612A-48B3-B6FC-FF814DD37D01}.Release|x86.ActiveCfg = Release|x86
		{F2727098-612A-48B3-B6FC-FF814DD37D01}.Release|x86.Build.0 = Release|x86
		{C774DC0B-2BD7-4A04-B6B4-AD587416C3B1}.Debug|Any CPU.ActiveCfg = Debug|x86
		{C774DC0B-2BD7-4A04-B6B4-AD587416C3B1}.Debug|Mixed Platforms.ActiveCfg = Debug|x86
		{C774DC0B-2BD7-4A04-B6B4-AD587416C3B1}.Debug|Mixed Platforms.Build.0 = Debug|x86
		{C774DC0B-2BD7-4A04-B6B4-AD587416C3B1}.Debug|x86.ActiveCfg = Debug|x86
		{C774DC0B-2BD7-4A04-B6B4-AD587416C3B1}.Debug|x86.Build.0 = Debug|x86
		{C774DC0B-2BD7-4A04-B6B4-AD587416C3B1}.Release|Any CPU.ActiveCfg = Release|x86
		{C774DC0B-2BD7-4A04-B6B4-AD587416C3B1}.Release|Mixed Platforms.ActiveCfg = Release|x86
		{C774DC0B-2BD7-4A04-B6B4-AD587416C3B1}.Release|Mixed Platforms.Build.0 = Release|x86
		{C774DC0B-2BD7-4A04-B6B4-AD587416C3B1}.Release|x86.ActiveCfg = Release|x86
		{C774DC0B-2BD7-4A04-B6B4-AD587416C3B1}.Release|x86.Build.0 = Release|x86
		{2E0F4C60-C111-419E-858E-D96F03B519E2}.Debug|Any CPU.ActiveCfg = Debug|x86
		{2E0F4C60-C111-419E-858E-D96F03B519E2}.Debug|Mixed Platforms.ActiveCfg = Debug|x86
		{2E0F4C60-C111-419E-858E-D96F03B519E2}.Debug|Mixed Platforms.Build.0 = Debug|x86
		{2E0F4C60-C111-419E-858E-D96F03B519E2}.Debug|x86.ActiveCfg = Debug|x86
		{2E0F4C60-C111-419E-858E-D96F03B519E2}.Debug|x86.Build.0 = Debug|x86
		{2E0F4C60-C111-419E-858E-D96F03B519E2}.Release|Any CPU.ActiveCfg = Release|x86
		{2E0F4C60-C111-419E-858E-D96F03B519E2}.Release|Mixed Platforms.ActiveCfg = Release|x86
		{2E0F4C60-C111-419E-858E-D96F03B519E2}.Release|Mixed Platforms.Build.0 = Release|x86
		{2E0F4C60-C111-419E-858E-D96F03B519E2}.Release|x86.ActiveCfg = Release|x86
		{2E0F4C60-C111-419E-858E-D96F03B519E2}.Release|x86.Build.0 = Release|x86
		{FA46A935-9EB4-4741-978B-72FE0245577D}.Debug|Any CPU.ActiveCfg = Debug|x86
		{FA46A935-9EB4-4741-978B-72FE0245577D}.Debug|Mixed Platforms.ActiveCfg = Debug|x86
		{FA46A935-9EB4-4741-978B-72FE0245577D}.Debug|Mixed Platforms.Build.0 = Debug|x86
		{FA46A935-9EB4-4741-978B-72FE0245577D}.Debug|x86.ActiveCfg = Debug|x86
		{FA46A935-9EB4-4741-978B-72FE0245577D}.Debug|x86.Build.0 = Debug|x86
		{FA46A935-9EB4-4741-978B-72FE0245577D}.Release|Any CPU.ActiveCfg = Release|x86
		{FA46A935-9EB4-4741-978B-72FE0245577D}.Release|Mixed Platforms.ActiveCfg = Release|x86
		{FA46A935-9EB4-4741-978B-72FE0245577D}.Release|Mixed Platforms.Build.0 = Release|x86
		{FA46A935-9EB4-4741-978B-72FE0245577D}.Release|x86.ActiveCfg = Release|x86
		{FA46A935-9EB4-4741-978B-72FE0245577D}.Release|x86.Build.0 = Release|x86
		{954CCD9A-0600-4164-B3A8-799D1BF7AF8D}.Debug|Any CPU.ActiveCfg = Debug|x86
		{954CCD9A-0600-4164-B3A8-799D1BF7AF8D}.Debug|Mixed Platforms.ActiveCfg = Debug|x86
		{954CCD9A-0600-4164-B3A8-799D1BF7AF8D}.Debug|Mixed Platforms.Build.0 = Debug|x86
		{954CCD9A-0600-4164-B3A8-799D1BF7AF8D}.Debug|x86.ActiveCfg = Debug|x86
		{954CCD9A-0600-4164-B3A8-799D1BF7AF8D}.Debug|x86.Build.0 = Debug|x86
		{954CCD9A-0600-4164-B3A8-799D1BF7AF8D}.Release|Any CPU.ActiveCfg = Release|x86
		{954CCD9A-0600-4164-B3A8-799D1BF7AF8D}.Release|Mixed Platforms.ActiveCfg = Release|x86
		{954CCD9A-0600-4164-B3A8-799D1BF7AF8D}.Release|Mixed Platforms.Build.0 = Release|x86
		{954CCD9A-0600-4164-B3A8-799D1BF7AF8D}.Release|x86.ActiveCfg = Release|x86
		{954CCD9A-0600-4164-B3A8-799D1BF7AF8D}.Release|x86.Build.0 = Release|x86
		{B125A289-029E-4E7E-9599-9B3F05297EBC}.Debug|Any CPU.ActiveCfg = Debug|x86
		{B125A289-029E-4E7E-9599-9B3F05297EBC}.Debug|Mixed Platforms.ActiveCfg = Debug|x86
		{B125A289-029E-4E7E-9599-9B3F05297EBC}.Debug|Mixed Platforms.Build.0 = Debug|x86
		{B125A289-029E-4E7E-9599-9B3F05297EBC}.Debug|x86.ActiveCfg = Debug|x86
		{B125A289-029E-4E7E-9599-9B3F05297EBC}.Debug|x86.Build.0 = Debug|x86
		{B125A289-029E-4E7E-9599-9B3F05297EBC}.Release|Any CPU.ActiveCfg = Release|x86
		{B125A289-029E-4E7E-9599-9B3F05297EBC}.Release|Mixed Platforms.ActiveCfg = Release|x86
		{B125A289-029E-4E7E-9599-9B3F05297EBC}.Release|Mixed Platforms.Build.0 = Release|x86
		{B125A289-029E-4E7E-9599-9B3F05297EBC}.Release|x86.ActiveCfg = Release|x86
		{B125A289-029E-4E7E-9599-9B3F05297EBC}.Release|x86.Build.0 = Release|x86
		{580DB496-57CB-48A5-A252-909F67452E0B}.Debug|Any CPU.ActiveCfg = Debug|x86
		{580DB496-57CB-48A5-A252-909F67452E0B}.Debug|Mixed Platforms.ActiveCfg = Debug|x86
		{580DB496-57CB-48A5-A252-909F67452E0B}.Debug|Mixed Platforms.Build.0 = Debug|x86
		{580DB496-57CB-48A5-A252-909F67452E0B}.Debug|x86.ActiveCfg = Debug|x86
		{580DB496-57CB-48A5-A252-909F67452E0B}.Debug|x86.Build.0 = Debug|x86
		{580DB496-57CB-48A5-A252-909F67452E0B}.Release|Any CPU.ActiveCfg = Release|x86
		{580DB496-57CB-48A5-A252-909F67452E0B}.Release|Mixed Platforms.ActiveCfg = Release|x86
		{580DB496-57CB-48A5-A252-909F67452E0B}.Release|Mixed Platforms.Build.0 = Release|x86
		{580DB496-57CB-48A5-A252-909F67452E0B}.Release|x86.ActiveCfg = Release|x86
		{580DB496-57CB-48A5-A252-909F67452E0B}.Release|x86.Build.0 = Release|x86
		{8451E0CC-28FB-49B0-A904-281C553DEE27}.Debug|Any CPU.ActiveCfg = Debug|x86
		{8451E0CC-28FB-49B0-A904-281C553DEE27}.Debug|Mixed Platforms.ActiveCfg = Debug|x86
		{8451E0CC-28FB-49B0-A904-281C553DEE27}.Debug|Mixed Platforms.Build.0 = Debug|x86
		{8451E0CC-28FB-49B0-A904-281C553DEE27}.Debug|x86.ActiveCfg = Debug|x86
		{8451E0CC-28FB-49B0-A904-281C553DEE27}.Debug|x86.Build.0 = Debug|x86
		{8451E0CC-28FB-49B0-A904-281C553DEE27}.Release|Any CPU.ActiveCfg = Release|x86
		{8451E0CC-28FB-49B0-A904-281C553DEE27}.Release|Mixed Platforms.ActiveCfg = Release|x86
		{8451E0CC-28FB-49B0-A904-281C553DEE27}.Release|Mixed Platforms.Build.0 = Release|x86
		{8451E0CC-28FB-49B0-A904-281C553DEE27}.Release|x86.ActiveCfg = Release|x86
		{8451E0CC-28FB-49B0-A904-281C553DEE27}.Release|x86.Build.0 = Release|x86
		{5B504B19-EFE6-4EF9-B3D4-1471290E325E}.Debug|Any CPU.ActiveCfg = Debug|x86
		{5B504B19-EFE6-4EF9-B3D4-1471290E325E}.Debug|Mixed Platforms.ActiveCfg = Debug|x86
		{5B504B19-EFE6-4EF9-B3D4-1471290E325E}.Debug|Mixed Platforms.Build.0 = Debug|x86
		{5B504B19-EFE6-4EF9-B3D4-1471290E325E}.Debug|x86.ActiveCfg = Debug|x86
		{5B504B19-EFE6-4EF9-B3D4-1471290E325E}.Debug|x86.Build.0 = Debug|x86
		{5B504B19-EFE6-4EF9-B3D4-1471290E325E}.Release|Any CPU.ActiveCfg = Release|x86
		{5B504B19-EFE6-4EF9-B3D4-1471290E325E}.Release|Mixed Platforms.ActiveCfg = Release|x86
		{5B504B19-EFE6-4EF9-B3D4-1471290E325E}.Release|Mixed Platforms.Build.0 = Release|x86
		{5B504B19-EFE6-4EF9-B3D4-1471290E325E}.Release|x86.ActiveCfg = Release|x86
		{5B504B19-EFE6-4EF9-B3D4-1471290E325E}.Release|x86.Build.0 = Release|x86
		{BB9F83C4-F0A7-4644-AA68-627166337961}.Debug|Any CPU.ActiveCfg = Debug|x86
		{BB9F83C4-F0A7-4644-AA68-627166337961}.Debug|Mixed Platforms.ActiveCfg = Debug|x86
		{BB9F83C4-F0A7-4644-AA68-627166337961}.Debug|Mixed Platforms.Build.0 = Debug|x86
		{BB9F83C4-F0A7-4644-AA68-627166337961}.Debug|x86.ActiveCfg = Debug|x86
		{BB9F83C4-F0A7-4644-AA68-627166337961}.Debug|x86.Build.0 = Debug|x86
		{BB9F83C4-F0A7-4644-AA68-627166337961}.Release|Any CPU.ActiveCfg = Release|x86
		{BB9F83C4-F0A7-4644-AA68-627166337961}.Release|Mixed Platforms.ActiveCfg = Release|x86
		{BB9F83C4-F0A7-4644-AA68-627166337961}.Release|Mixed Platforms.Build.0 = Release|x86
		{BB9F83C4-F0A7-4644-AA68-627166337961}.Release|x86.ActiveCfg = Release|x86
		{BB9F83C4-F0A7-4644-AA68-627166337961}.Release|x86.Build.0 = Release|x86
		{BFF66DD2-49A4-4603-96DF-B1109A348F6F}.Debug|Any CPU.ActiveCfg = Debug|x86
		{BFF66DD2-49A4-4603-96DF-B1109A348F6F}.Debug|Mixed Platforms.ActiveCfg = Debug|x86
		{BFF66DD2-49A4-4603-96DF-B1109A348F6F}.Debug|Mixed Platforms.Build.0 = Debug|x86
		{BFF66DD2-49A4-4603-96DF-B1109A348F6F}.Debug|x86.ActiveCfg = Debug|x86
		{BFF66DD2-49A4-4603-96DF-B1109A348F6F}.Debug|x86.Build.0 = Debug|x86
		{BFF66DD2-49A4-4603-96DF-B1109A348F6F}.Release|Any CPU.ActiveCfg = Release|x86
		{BFF66DD2-49A4-4603-96DF-B1109A348F6F}.Release|Mixed Platforms.ActiveCfg = Release|x86
		{BFF66DD2-49A4-4603-96DF-B1109A348F6F}.Release|Mixed Platforms.Build.0 = Release|x86
		{BFF66DD2-49A4-4603-96DF-B1109A348F6F}.Release|x86.ActiveCfg = Release|x86
		{BFF66DD2-49A4-4603-96DF-B1109A348F6F}.Release|x86.Build.0 = Release|x86
		{78E78027-5217-420E-B7B9-1C9E492438F5}.Debug|Any CPU.ActiveCfg = Debug|x86
		{78E78027-5217-420E-B7B9-1C9E492438F5}.Debug|Mixed Platforms.ActiveCfg = Debug|x86
		{78E78027-5217-420E-B7B9-1C9E492438F5}.Debug|Mixed Platforms.Build.0 = Debug|x86
		{78E78027-5217-420E-B7B9-1C9E492438F5}.Debug|x86.ActiveCfg = Debug|x86
		{78E78027-5217-420E-B7B9-1C9E492438F5}.Debug|x86.Build.0 = Debug|x86
		{78E78027-5217-420E-B7B9-1C9E492438F5}.Release|Any CPU.ActiveCfg = Release|x86
		{78E78027-5217-420E-B7B9-1C9E492438F5}.Release|Mixed Platforms.ActiveCfg = Release|x86
		{78E78027-5217-420E-B7B9-1C9E492438F5}.Release|Mixed Platforms.Build.0 = Release|x86
		{78E78027-5217-420E-B7B9-1C9E492438F5}.Release|x86.ActiveCfg = Release|x86
		{78E78027-5217-420E-B7B9-1C9E492438F5}.Release|x86.Build.0 = Release|x86
		{D695C862-79C9-4868-A4A1-CEB3D381D55C}.Debug|Any CPU.ActiveCfg = Debug|x86
		{D695C862-79C9-4868-A4A1-CEB3D381D55C}.Debug|Mixed Platforms.ActiveCfg = Debug|x86
		{D695C862-79C9-4868-A4A1-CEB3D381D55C}.Debug|Mixed Platforms.Build.0 = Debug|x86
		{D695C862-79C9-4868-A4A1-CEB3D381D55C}.Debug|x86.ActiveCfg = Debug|x86
		{D695C862-79C9-4868-A4A1-CEB3D381D55C}.Debug|x86.Build.0 = Debug|x86
		{D695C862-79C9-4868-A4A1-CEB3D381D55C}.Release|Any CPU.ActiveCfg = Release|x86
		{D695C862-79C9-4868-A4A1-CEB3D381D55C}.Release|Mixed Platforms.ActiveCfg = Release|x86
		{D695C862-79C9-4868-A4A1-CEB3D381D55C}.Release|Mixed Platforms.Build.0 = Release|x86
		{D695C862-79C9-4868-A4A1-CEB3D381D55C}.Release|x86.ActiveCfg = Release|x86
		{D695C862-79C9-4868-A4A1-CEB3D381D55C}.Release|x86.Build.0 = Release|x86
		{5CB24183-EFD6-4CCB-A546-E8A5D4CCF086}.Debug|Any CPU.ActiveCfg = Debug|x86
		{5CB24183-EFD6-4CCB-A546-E8A5D4CCF086}.Debug|Mixed Platforms.ActiveCfg = Debug|x86
		{5CB24183-EFD6-4CCB-A546-E8A5D4CCF086}.Debug|Mixed Platforms.Build.0 = Debug|x86
		{5CB24183-EFD6-4CCB-A546-E8A5D4CCF086}.Debug|x86.ActiveCfg = Debug|x86
		{5CB24183-EFD6-4CCB-A546-E8A5D4CCF086}.Debug|x86.Build.0 = Debug|x86
		{5CB24183-EFD6-4CCB-A546-E8A5D4CCF086}.Release|Any CPU.ActiveCfg = Release|x86
		{5CB24183-EFD6-4CCB-A546-E8A5D4CCF086}.Release|Mixed Platforms.ActiveCfg = Release|x86
		{5CB24183-EFD6-4CCB-A546-E8A5D4CCF086}.Release|Mixed Platforms.Build.0 = Release|x86
		{5CB24183-EFD6-4CCB-A546-E8A5D4CCF086}.Release|x86.ActiveCfg = Release|x86
		{5CB24183-EFD6-4CCB-A546-E8A5D4CCF086}.Release|x86.Build.0 = Release|x86
		{88DE40F1-A808-4195-BF0C-72771AA04058}.Debug|Any CPU.ActiveCfg = Debug|x86
		{88DE40F1-A808-4195-BF0C-72771AA04058}.Debug|Mixed Platforms.ActiveCfg = Debug|x86
		{88DE40F1-A808-4195-BF0C-72771AA04058}.Debug|Mixed Platforms.Build.0 = Debug|x86
		{88DE40F1-A808-4195-BF0C-72771AA04058}.Debug|x86.ActiveCfg = Debug|x86
		{88DE40F1-A808-4195-BF0C-72771AA04058}.Debug|x86.Build.0 = Debug|x86
		{88DE40F1-A808-4195-BF0C-72771AA04058}.Release|Any CPU.ActiveCfg = Release|x86
		{88DE40F1-A808-4195-BF0C-72771AA04058}.Release|Mixed Platforms.ActiveCfg = Release|x86
		{88DE40F1-A808-4195-BF0C-72771AA04058}.Release|Mixed Platforms.Build.0 = Release|x86
		{88DE40F1-A808-4195-BF0C-72771AA04058}.Release|x86.ActiveCfg = Release|x86
		{88DE40F1-A808-4195-BF0C-72771AA04058}.Release|x86.Build.0 = Release|x86
		{4310001F-F35F-4874-A165-33A5EC6EA32B}.Debug|Any CPU.ActiveCfg = Debug|x86
		{4310001F-F35F-4874-A165-33A5EC6EA32B}.Debug|Mixed Platforms.ActiveCfg = Debug|x86
		{4310001F-F35F-4874-A165-33A5EC6EA32B}.Debug|Mixed Platforms.Build.0 = Debug|x86
		{4310001F-F35F-4874-A165-33A5EC6EA32B}.Debug|x86.ActiveCfg = Debug|x86
		{4310001F-F35F-4874-A165-33A5EC6EA32B}.Debug|x86.Build.0 = Debug|x86
		{4310001F-F35F-4874-A165-33A5EC6EA32B}.Release|Any CPU.ActiveCfg = Release|x86
		{4310001F-F35F-4874-A165-33A5EC6EA32B}.Release|Mixed Platforms.ActiveCfg = Release|x86
		{4310001F-F35F-4874-A165-33A5EC6EA32B}.Release|Mixed Platforms.Build.0 = Release|x86
		{4310001F-F35F-4874-A165-33A5EC6EA32B}.Release|x86.ActiveCfg = Release|x86
		{4310001F-F35F-4874-A165-33A5EC6EA32B}.Release|x86.Build.0 = Release|x86
		{8B230C24-4CAE-4DCD-9D1B-CAAD45325E53}.Debug|Any CPU.ActiveCfg = Debug|x86
		{8B230C24-4CAE-4DCD-9D1B-CAAD45325E53}.Debug|Mixed Platforms.ActiveCfg = Debug|x86
		{8B230C24-4CAE-4DCD-9D1B-CAAD45325E53}.Debug|Mixed Platforms.Build.0 = Debug|x86
		{8B230C24-4CAE-4DCD-9D1B-CAAD45325E53}.Debug|x86.ActiveCfg = Debug|x86
		{8B230C24-4CAE-4DCD-9D1B-CAAD45325E53}.Debug|x86.Build.0 = Debug|x86
		{8B230C24-4CAE-4DCD-9D1B-CAAD45325E53}.Release|Any CPU.ActiveCfg = Release|x86
		{8B230C24-4CAE-4DCD-9D1B-CAAD45325E53}.Release|Mixed Platforms.ActiveCfg = Release|x86
		{8B230C24-4CAE-4DCD-9D1B-CAAD45325E53}.Release|Mixed Platforms.Build.0 = Release|x86
		{8B230C24-4CAE-4DCD-9D1B-CAAD45325E53}.Release|x86.ActiveCfg = Release|x86
		{8B230C24-4CAE-4DCD-9D1B-CAAD45325E53}.Release|x86.Build.0 = Release|x86
		{7D80E670-6FE8-4541-86E2-7ABB91873B87}.Debug|Any CPU.ActiveCfg = Debug|x86
		{7D80E670-6FE8-4541-86E2-7ABB91873B87}.Debug|Mixed Platforms.ActiveCfg = Debug|x86
		{7D80E670-6FE8-4541-86E2-7ABB91873B87}.Debug|Mixed Platforms.Build.0 = Debug|x86
		{7D80E670-6FE8-4541-86E2-7ABB91873B87}.Debug|x86.ActiveCfg = Debug|x86
		{7D80E670-6FE8-4541-86E2-7ABB91873B87}.Debug|x86.Build.0 = Debug|x86
		{7D80E670-6FE8-4541-86E2-7ABB91873B87}.Release|Any CPU.ActiveCfg = Release|x86
		{7D80E670-6FE8-4541-86E2-7ABB91873B87}.Release|Mixed Platforms.ActiveCfg = Release|x86
		{7D80E670-6FE8-4541-86E2-7ABB91873B87}.Release|Mixed Platforms.Build.0 = Release|x86
		{7D80E670-6FE8-4541-86E2-7ABB91873B87}.Release|x86.ActiveCfg = Release|x86
		{7D80E670-6FE8-4541-86E2-7ABB91873B87}.Release|x86.Build.0 = Release|x86
		{95C7001A-AC6B-4CBF-B849-151901EE1EC5}.Debug|Any CPU.ActiveCfg = Debug|x86
		{95C7001A-AC6B-4CBF-B849-151901EE1EC5}.Debug|Mixed Platforms.ActiveCfg = Debug|x86
		{95C7001A-AC6B-4CBF-B849-151901EE1EC5}.Debug|Mixed Platforms.Build.0 = Debug|x86
		{95C7001A-AC6B-4CBF-B849-151901EE1EC5}.Debug|x86.ActiveCfg = Debug|x86
		{95C7001A-AC6B-4CBF-B849-151901EE1EC5}.Debug|x86.Build.0 = Debug|x86
		{95C7001A-AC6B-4CBF-B849-151901EE1EC5}.Release|Any CPU.ActiveCfg = Release|x86
		{95C7001A-AC6B-4CBF-B849-151901EE1EC5}.Release|Mixed Platforms.ActiveCfg = Release|x86
		{95C7001A-AC6B-4CBF-B849-151901EE1EC5}.Release|Mixed Platforms.Build.0 = Release|x86
		{95C7001A-AC6B-4CBF-B849-151901EE1EC5}.Release|x86.ActiveCfg = Release|x86
		{95C7001A-AC6B-4CBF-B849-151901EE1EC5}.Release|x86.Build.0 = Release|x86
		{01D3EF5C-6E7A-46EA-A401-A51442909D77}.Debug|Any CPU.ActiveCfg = Debug|x86
		{01D3EF5C-6E7A-46EA-A401-A51442909D77}.Debug|Mixed Platforms.ActiveCfg = Debug|x86
		{01D3EF5C-6E7A-46EA-A401-A51442909D77}.Debug|Mixed Platforms.Build.0 = Debug|x86
		{01D3EF5C-6E7A-46EA-A401-A51442909D77}.Debug|x86.ActiveCfg = Debug|x86
		{01D3EF5C-6E7A-46EA-A401-A51442909D77}.Debug|x86.Build.0 = Debug|x86
		{01D3EF5C-6E7A-46EA-A401-A51442909D77}.Release|Any CPU.ActiveCfg = Release|x86
		{01D3EF5C-6E7A-46EA-A401-A51442909D77}.Release|Mixed Platforms.ActiveCfg = Release|x86
		{01D3EF5C-6E7A-46EA-A401-A51442909D77}.Release|Mixed Platforms.Build.0 = Release|x86
		{01D3EF5C-6E7A-46EA-A401-A51442909D77}.Release|x86.ActiveCfg = Release|x86
		{01D3EF5C-6E7A-46EA-A401-A51442909D77}.Release|x86.Build.0 = Release|x86
		{E2E6ECED-3FE1-4525-8814-33D26BA70812}.Debug|Any CPU.ActiveCfg = Debug|x86
		{E2E6ECED-3FE1-4525-8814-33D26BA70812}.Debug|Mixed Platforms.ActiveCfg = Debug|x86
		{E2E6ECED-3FE1-4525-8814-33D26BA70812}.Debug|Mixed Platforms.Build.0 = Debug|x86
		{E2E6ECED-3FE1-4525-8814-33D26BA70812}.Debug|x86.ActiveCfg = Debug|x86
		{E2E6ECED-3FE1-4525-8814-33D26BA70812}.Debug|x86.Build.0 = Debug|x86
		{E2E6ECED-3FE1-4525-8814-33D26BA70812}.Release|Any CPU.ActiveCfg = Release|x86
		{E2E6ECED-3FE1-4525-8814-33D26BA70812}.Release|Mixed Platforms.ActiveCfg = Release|x86
		{E2E6ECED-3FE1-4525-8814-33D26BA70812}.Release|Mixed Platforms.Build.0 = Release|x86
		{E2E6ECED-3FE1-4525-8814-33D26BA70812}.Release|x86.ActiveCfg = Release|x86
		{E2E6ECED-3FE1-4525-8814-33D26BA70812}.Release|x86.Build.0 = Release|x86
		{83366831-1EDB-40E1-A8F2-D4B7B14B47D8}.Debug|Any CPU.ActiveCfg = Debug|x86
		{83366831-1EDB-40E1-A8F2-D4B7B14B47D8}.Debug|Mixed Platforms.ActiveCfg = Debug|x86
		{83366831-1EDB-40E1-A8F2-D4B7B14B47D8}.Debug|Mixed Platforms.Build.0 = Debug|x86
		{83366831-1EDB-40E1-A8F2-D4B7B14B47D8}.Debug|x86.ActiveCfg = Debug|x86
		{83366831-1EDB-40E1-A8F2-D4B7B14B47D8}.Debug|x86.Build.0 = Debug|x86
		{83366831-1EDB-40E1-A8F2-D4B7B14B47D8}.Release|Any CPU.ActiveCfg = Release|x86
		{83366831-1EDB-40E1-A8F2-D4B7B14B47D8}.Release|Mixed Platforms.ActiveCfg = Release|x86
		{83366831-1EDB-40E1-A8F2-D4B7B14B47D8}.Release|Mixed Platforms.Build.0 = Release|x86
		{83366831-1EDB-40E1-A8F2-D4B7B14B47D8}.Release|x86.ActiveCfg = Release|x86
		{83366831-1EDB-40E1-A8F2-D4B7B14B47D8}.Release|x86.Build.0 = Release|x86
		{62370006-C9B0-4896-849D-D19F113116A5}.Debug|Any CPU.ActiveCfg = Debug|x86
		{62370006-C9B0-4896-849D-D19F113116A5}.Debug|Mixed Platforms.ActiveCfg = Debug|x86
		{62370006-C9B0-4896-849D-D19F113116A5}.Debug|Mixed Platforms.Build.0 = Debug|x86
		{62370006-C9B0-4896-849D-D19F113116A5}.Debug|x86.ActiveCfg = Debug|x86
		{62370006-C9B0-4896-849D-D19F113116A5}.Debug|x86.Build.0 = Debug|x86
		{62370006-C9B0-4896-849D-D19F113116A5}.Release|Any CPU.ActiveCfg = Release|x86
		{62370006-C9B0-4896-849D-D19F113116A5}.Release|Mixed Platforms.ActiveCfg = Release|x86
		{62370006-C9B0-4896-849D-D19F113116A5}.Release|Mixed Platforms.Build.0 = Release|x86
		{62370006-C9B0-4896-849D-D19F113116A5}.Release|x86.ActiveCfg = Release|x86
		{62370006-C9B0-4896-849D-D19F113116A5}.Release|x86.Build.0 = Release|x86
		{C6783503-3F10-40F7-8B62-BD29CE850397}.Debug|Any CPU.ActiveCfg = Debug|x86
		{C6783503-3F10-40F7-8B62-BD29CE850397}.Debug|Mixed Platforms.ActiveCfg = Debug|x86
		{C6783503-3F10-40F7-8B62-BD29CE850397}.Debug|Mixed Platforms.Build.0 = Debug|x86
		{C6783503-3F10-40F7-8B62-BD29CE850397}.Debug|x86.ActiveCfg = Debug|x86
		{C6783503-3F10-40F7-8B62-BD29CE850397}.Debug|x86.Build.0 = Debug|x86
		{C6783503-3F10-40F7-8B62-BD29CE850397}.Release|Any CPU.ActiveCfg = Release|x86
		{C6783503-3F10-40F7-8B62-BD29CE850397}.Release|Mixed Platforms.ActiveCfg = Release|x86
		{C6783503-3F10-40F7-8B62-BD29CE850397}.Release|Mixed Platforms.Build.0 = Release|x86
		{C6783503-3F10-40F7-8B62-BD29CE850397}.Release|x86.ActiveCfg = Release|x86
		{C6783503-3F10-40F7-8B62-BD29CE850397}.Release|x86.Build.0 = Release|x86
		{06EF28D9-3401-4CF3-8C4B-82BEF8E33CA5}.Debug|Any CPU.ActiveCfg = Debug|x86
		{06EF28D9-3401-4CF3-8C4B-82BEF8E33CA5}.Debug|Mixed Platforms.ActiveCfg = Debug|x86
		{06EF28D9-3401-4CF3-8C4B-82BEF8E33CA5}.Debug|Mixed Platforms.Build.0 = Debug|x86
		{06EF28D9-3401-4CF3-8C4B-82BEF8E33CA5}.Debug|x86.ActiveCfg = Debug|x86
		{06EF28D9-3401-4CF3-8C4B-82BEF8E33CA5}.Debug|x86.Build.0 = Debug|x86
		{06EF28D9-3401-4CF3-8C4B-82BEF8E33CA5}.Release|Any CPU.ActiveCfg = Release|x86
		{06EF28D9-3401-4CF3-8C4B-82BEF8E33CA5}.Release|Mixed Platforms.ActiveCfg = Release|x86
		{06EF28D9-3401-4CF3-8C4B-82BEF8E33CA5}.Release|Mixed Platforms.Build.0 = Release|x86
		{06EF28D9-3401-4CF3-8C4B-82BEF8E33CA5}.Release|x86.ActiveCfg = Release|x86
		{06EF28D9-3401-4CF3-8C4B-82BEF8E33CA5}.Release|x86.Build.0 = Release|x86
		{36A91B2C-DA38-466C-8640-641D0A8621E7}.Debug|Any CPU.ActiveCfg = Debug|x86
		{36A91B2C-DA38-466C-8640-641D0A8621E7}.Debug|Mixed Platforms.ActiveCfg = Debug|x86
		{36A91B2C-DA38-466C-8640-641D0A8621E7}.Debug|Mixed Platforms.Build.0 = Debug|x86
		{36A91B2C-DA38-466C-8640-641D0A8621E7}.Debug|x86.ActiveCfg = Debug|x86
		{36A91B2C-DA38-466C-8640-641D0A8621E7}.Debug|x86.Build.0 = Debug|x86
		{36A91B2C-DA38-466C-8640-641D0A8621E7}.Release|Any CPU.ActiveCfg = Release|x86
		{36A91B2C-DA38-466C-8640-641D0A8621E7}.Release|Mixed Platforms.ActiveCfg = Release|x86
		{36A91B2C-DA38-466C-8640-641D0A8621E7}.Release|Mixed Platforms.Build.0 = Release|x86
		{36A91B2C-DA38-466C-8640-641D0A8621E7}.Release|x86.ActiveCfg = Release|x86
		{36A91B2C-DA38-466C-8640-641D0A8621E7}.Release|x86.Build.0 = Release|x86
		{C9A7F322-12CB-4635-A648-A0903213ED7D}.Debug|Any CPU.ActiveCfg = Debug|x86
		{C9A7F322-12CB-4635-A648-A0903213ED7D}.Debug|Mixed Platforms.ActiveCfg = Debug|x86
		{C9A7F322-12CB-4635-A648-A0903213ED7D}.Debug|Mixed Platforms.Build.0 = Debug|x86
		{C9A7F322-12CB-4635-A648-A0903213ED7D}.Debug|x86.ActiveCfg = Debug|x86
		{C9A7F322-12CB-4635-A648-A0903213ED7D}.Debug|x86.Build.0 = Debug|x86
		{C9A7F322-12CB-4635-A648-A0903213ED7D}.Release|Any CPU.ActiveCfg = Release|x86
		{C9A7F322-12CB-4635-A648-A0903213ED7D}.Release|Mixed Platforms.ActiveCfg = Release|x86
		{C9A7F322-12CB-4635-A648-A0903213ED7D}.Release|Mixed Platforms.Build.0 = Release|x86
		{C9A7F322-12CB-4635-A648-A0903213ED7D}.Release|x86.ActiveCfg = Release|x86
		{C9A7F322-12CB-4635-A648-A0903213ED7D}.Release|x86.Build.0 = Release|x86
		{35E7437E-A0AE-4A74-99D1-C58311AFFA56}.Debug|Any CPU.ActiveCfg = Debug|x86
		{35E7437E-A0AE-4A74-99D1-C58311AFFA56}.Debug|Mixed Platforms.ActiveCfg = Debug|x86
		{35E7437E-A0AE-4A74-99D1-C58311AFFA56}.Debug|Mixed Platforms.Build.0 = Debug|x86
		{35E7437E-A0AE-4A74-99D1-C58311AFFA56}.Debug|x86.ActiveCfg = Debug|x86
		{35E7437E-A0AE-4A74-99D1-C58311AFFA56}.Debug|x86.Build.0 = Debug|x86
		{35E7437E-A0AE-4A74-99D1-C58311AFFA56}.Release|Any CPU.ActiveCfg = Release|x86
		{35E7437E-A0AE-4A74-99D1-C58311AFFA56}.Release|Mixed Platforms.ActiveCfg = Release|x86
		{35E7437E-A0AE-4A74-99D1-C58311AFFA56}.Release|Mixed Platforms.Build.0 = Release|x86
		{35E7437E-A0AE-4A74-99D1-C58311AFFA56}.Release|x86.ActiveCfg = Release|x86
		{35E7437E-A0AE-4A74-99D1-C58311AFFA56}.Release|x86.Build.0 = Release|x86
		{13AD0EFE-0958-4C87-83D5-DC2FEA372840}.Debug|Any CPU.ActiveCfg = Debug|x86
		{13AD0EFE-0958-4C87-83D5-DC2FEA372840}.Debug|Mixed Platforms.ActiveCfg = Debug|x86
		{13AD0EFE-0958-4C87-83D5-DC2FEA372840}.Debug|Mixed Platforms.Build.0 = Debug|x86
		{13AD0EFE-0958-4C87-83D5-DC2FEA372840}.Debug|x86.ActiveCfg = Debug|x86
		{13AD0EFE-0958-4C87-83D5-DC2FEA372840}.Debug|x86.Build.0 = Debug|x86
		{13AD0EFE-0958-4C87-83D5-DC2FEA372840}.Release|Any CPU.ActiveCfg = Release|x86
		{13AD0EFE-0958-4C87-83D5-DC2FEA372840}.Release|Mixed Platforms.ActiveCfg = Release|x86
		{13AD0EFE-0958-4C87-83D5-DC2FEA372840}.Release|Mixed Platforms.Build.0 = Release|x86
		{13AD0EFE-0958-4C87-83D5-DC2FEA372840}.Release|x86.ActiveCfg = Release|x86
		{13AD0EFE-0958-4C87-83D5-DC2FEA372840}.Release|x86.Build.0 = Release|x86
		{D29A4F3A-EAAF-400A-A0B9-FFFE2FF750E4}.Debug|Any CPU.ActiveCfg = Debug|x86
		{D29A4F3A-EAAF-400A-A0B9-FFFE2FF750E4}.Debug|Mixed Platforms.ActiveCfg = Debug|x86
		{D29A4F3A-EAAF-400A-A0B9-FFFE2FF750E4}.Debug|Mixed Platforms.Build.0 = Debug|x86
		{D29A4F3A-EAAF-400A-A0B9-FFFE2FF750E4}.Debug|x86.ActiveCfg = Debug|x86
		{D29A4F3A-EAAF-400A-A0B9-FFFE2FF750E4}.Debug|x86.Build.0 = Debug|x86
		{D29A4F3A-EAAF-400A-A0B9-FFFE2FF750E4}.Release|Any CPU.ActiveCfg = Release|x86
		{D29A4F3A-EAAF-400A-A0B9-FFFE2FF750E4}.Release|Mixed Platforms.ActiveCfg = Release|x86
		{D29A4F3A-EAAF-400A-A0B9-FFFE2FF750E4}.Release|Mixed Platforms.Build.0 = Release|x86
		{D29A4F3A-EAAF-400A-A0B9-FFFE2FF750E4}.Release|x86.ActiveCfg = Release|x86
		{D29A4F3A-EAAF-400A-A0B9-FFFE2FF750E4}.Release|x86.Build.0 = Release|x86
		{39E8A628-4EAE-4532-A507-88C7C72A8826}.Debug|Any CPU.ActiveCfg = Debug|x86
		{39E8A628-4EAE-4532-A507-88C7C72A8826}.Debug|Mixed Platforms.ActiveCfg = Debug|x86
		{39E8A628-4EAE-4532-A507-88C7C72A8826}.Debug|Mixed Platforms.Build.0 = Debug|x86
		{39E8A628-4EAE-4532-A507-88C7C72A8826}.Debug|x86.ActiveCfg = Debug|x86
		{39E8A628-4EAE-4532-A507-88C7C72A8826}.Debug|x86.Build.0 = Debug|x86
		{39E8A628-4EAE-4532-A507-88C7C72A8826}.Release|Any CPU.ActiveCfg = Release|x86
		{39E8A628-4EAE-4532-A507-88C7C72A8826}.Release|Mixed Platforms.ActiveCfg = Release|x86
		{39E8A628-4EAE-4532-A507-88C7C72A8826}.Release|Mixed Platforms.Build.0 = Release|x86
		{39E8A628-4EAE-4532-A507-88C7C72A8826}.Release|x86.ActiveCfg = Release|x86
		{39E8A628-4EAE-4532-A507-88C7C72A8826}.Release|x86.Build.0 = Release|x86
		{764AA955-DCB3-44D6-ACB3-5580E0F5243A}.Debug|Any CPU.ActiveCfg = Debug|x86
		{764AA955-DCB3-44D6-ACB3-5580E0F5243A}.Debug|Mixed Platforms.ActiveCfg = Debug|x86
		{764AA955-DCB3-44D6-ACB3-5580E0F5243A}.Debug|Mixed Platforms.Build.0 = Debug|x86
		{764AA955-DCB3-44D6-ACB3-5580E0F5243A}.Debug|x86.ActiveCfg = Debug|x86
		{764AA955-DCB3-44D6-ACB3-5580E0F5243A}.Debug|x86.Build.0 = Debug|x86
		{764AA955-DCB3-44D6-ACB3-5580E0F5243A}.Release|Any CPU.ActiveCfg = Release|x86
		{764AA955-DCB3-44D6-ACB3-5580E0F5243A}.Release|Mixed Platforms.ActiveCfg = Release|x86
		{764AA955-DCB3-44D6-ACB3-5580E0F5243A}.Release|Mixed Platforms.Build.0 = Release|x86
		{764AA955-DCB3-44D6-ACB3-5580E0F5243A}.Release|x86.ActiveCfg = Release|x86
		{764AA955-DCB3-44D6-ACB3-5580E0F5243A}.Release|x86.Build.0 = Release|x86
		{723F578B-5B62-4469-937B-1E7E932909A0}.Debug|Any CPU.ActiveCfg = Debug|x86
		{723F578B-5B62-4469-937B-1E7E932909A0}.Debug|Mixed Platforms.ActiveCfg = Debug|x86
		{723F578B-5B62-4469-937B-1E7E932909A0}.Debug|Mixed Platforms.Build.0 = Debug|x86
		{723F578B-5B62-4469-937B-1E7E932909A0}.Debug|x86.ActiveCfg = Debug|x86
		{723F578B-5B62-4469-937B-1E7E932909A0}.Debug|x86.Build.0 = Debug|x86
		{723F578B-5B62-4469-937B-1E7E932909A0}.Release|Any CPU.ActiveCfg = Release|x86
		{723F578B-5B62-4469-937B-1E7E932909A0}.Release|Mixed Platforms.ActiveCfg = Release|x86
		{723F578B-5B62-4469-937B-1E7E932909A0}.Release|Mixed Platforms.Build.0 = Release|x86
		{723F578B-5B62-4469-937B-1E7E932909A0}.Release|x86.ActiveCfg = Release|x86
		{723F578B-5B62-4469-937B-1E7E932909A0}.Release|x86.Build.0 = Release|x86
		{E0F31D55-F338-47A8-BB5B-FB820291B813}.Debug|Any CPU.ActiveCfg = Debug|x86
		{E0F31D55-F338-47A8-BB5B-FB820291B813}.Debug|Mixed Platforms.ActiveCfg = Debug|x86
		{E0F31D55-F338-47A8-BB5B-FB820291B813}.Debug|Mixed Platforms.Build.0 = Debug|x86
		{E0F31D55-F338-47A8-BB5B-FB820291B813}.Debug|x86.ActiveCfg = Debug|x86
		{E0F31D55-F338-47A8-BB5B-FB820291B813}.Debug|x86.Build.0 = Debug|x86
		{E0F31D55-F338-47A8-BB5B-FB820291B813}.Release|Any CPU.ActiveCfg = Release|x86
		{E0F31D55-F338-47A8-BB5B-FB820291B813}.Release|Mixed Platforms.ActiveCfg = Release|x86
		{E0F31D55-F338-47A8-BB5B-FB820291B813}.Release|Mixed Platforms.Build.0 = Release|x86
		{E0F31D55-F338-47A8-BB5B-FB820291B813}.Release|x86.ActiveCfg = Release|x86
		{E0F31D55-F338-47A8-BB5B-FB820291B813}.Release|x86.Build.0 = Release|x86
		{EDDB109A-4214-4BEC-A4C3-E4E6522358B5}.Debug|Any CPU.ActiveCfg = Debug|x86
		{EDDB109A-4214-4BEC-A4C3-E4E6522358B5}.Debug|Mixed Platforms.ActiveCfg = Debug|x86
		{EDDB109A-4214-4BEC-A4C3-E4E6522358B5}.Debug|Mixed Platforms.Build.0 = Debug|x86
		{EDDB109A-4214-4BEC-A4C3-E4E6522358B5}.Debug|x86.ActiveCfg = Debug|x86
		{EDDB109A-4214-4BEC-A4C3-E4E6522358B5}.Debug|x86.Build.0 = Debug|x86
		{EDDB109A-4214-4BEC-A4C3-E4E6522358B5}.Release|Any CPU.ActiveCfg = Release|x86
		{EDDB109A-4214-4BEC-A4C3-E4E6522358B5}.Release|Mixed Platforms.ActiveCfg = Release|x86
		{EDDB109A-4214-4BEC-A4C3-E4E6522358B5}.Release|Mixed Platforms.Build.0 = Release|x86
		{EDDB109A-4214-4BEC-A4C3-E4E6522358B5}.Release|x86.ActiveCfg = Release|x86
		{EDDB109A-4214-4BEC-A4C3-E4E6522358B5}.Release|x86.Build.0 = Release|x86
		{4D8D220A-963D-44CB-8516-AD210AB0F631}.Debug|Any CPU.ActiveCfg = Debug|x86
		{4D8D220A-963D-44CB-8516-AD210AB0F631}.Debug|Mixed Platforms.ActiveCfg = Debug|x86
		{4D8D220A-963D-44CB-8516-AD210AB0F631}.Debug|Mixed Platforms.Build.0 = Debug|x86
		{4D8D220A-963D-44CB-8516-AD210AB0F631}.Debug|x86.ActiveCfg = Debug|x86
		{4D8D220A-963D-44CB-8516-AD210AB0F631}.Debug|x86.Build.0 = Debug|x86
		{4D8D220A-963D-44CB-8516-AD210AB0F631}.Release|Any CPU.ActiveCfg = Release|x86
		{4D8D220A-963D-44CB-8516-AD210AB0F631}.Release|Mixed Platforms.ActiveCfg = Release|x86
		{4D8D220A-963D-44CB-8516-AD210AB0F631}.Release|Mixed Platforms.Build.0 = Release|x86
		{4D8D220A-963D-44CB-8516-AD210AB0F631}.Release|x86.ActiveCfg = Release|x86
		{4D8D220A-963D-44CB-8516-AD210AB0F631}.Release|x86.Build.0 = Release|x86
		{E5F1D88B-CE74-4B8B-BA2E-D1BB0A5CDF49}.Debug|Any CPU.ActiveCfg = Debug|x86
		{E5F1D88B-CE74-4B8B-BA2E-D1BB0A5CDF49}.Debug|Mixed Platforms.ActiveCfg = Debug|x86
		{E5F1D88B-CE74-4B8B-BA2E-D1BB0A5CDF49}.Debug|Mixed Platforms.Build.0 = Debug|x86
		{E5F1D88B-CE74-4B8B-BA2E-D1BB0A5CDF49}.Debug|x86.ActiveCfg = Debug|x86
		{E5F1D88B-CE74-4B8B-BA2E-D1BB0A5CDF49}.Debug|x86.Build.0 = Debug|x86
		{E5F1D88B-CE74-4B8B-BA2E-D1BB0A5CDF49}.Release|Any CPU.ActiveCfg = Release|x86
		{E5F1D88B-CE74-4B8B-BA2E-D1BB0A5CDF49}.Release|Mixed Platforms.ActiveCfg = Release|x86
		{E5F1D88B-CE74-4B8B-BA2E-D1BB0A5CDF49}.Release|Mixed Platforms.Build.0 = Release|x86
		{E5F1D88B-CE74-4B8B-BA2E-D1BB0A5CDF49}.Release|x86.ActiveCfg = Release|x86
		{E5F1D88B-CE74-4B8B-BA2E-D1BB0A5CDF49}.Release|x86.Build.0 = Release|x86
		{BF662321-EC5A-4DCD-B377-E64341F38C92}.Debug|Any CPU.ActiveCfg = Debug|x86
		{BF662321-EC5A-4DCD-B377-E64341F38C92}.Debug|Mixed Platforms.ActiveCfg = Debug|x86
		{BF662321-EC5A-4DCD-B377-E64341F38C92}.Debug|Mixed Platforms.Build.0 = Debug|x86
		{BF662321-EC5A-4DCD-B377-E64341F38C92}.Debug|x86.ActiveCfg = Debug|x86
		{BF662321-EC5A-4DCD-B377-E64341F38C92}.Debug|x86.Build.0 = Debug|x86
		{BF662321-EC5A-4DCD-B377-E64341F38C92}.Release|Any CPU.ActiveCfg = Release|x86
		{BF662321-EC5A-4DCD-B377-E64341F38C92}.Release|Mixed Platforms.ActiveCfg = Release|x86
		{BF662321-EC5A-4DCD-B377-E64341F38C92}.Release|Mixed Platforms.Build.0 = Release|x86
		{BF662321-EC5A-4DCD-B377-E64341F38C92}.Release|x86.ActiveCfg = Release|x86
		{BF662321-EC5A-4DCD-B377-E64341F38C92}.Release|x86.Build.0 = Release|x86
		{BADEA4A1-3475-482B-BD05-A57ADC7E1E2B}.Debug|Any CPU.ActiveCfg = Debug|x86
		{BADEA4A1-3475-482B-BD05-A57ADC7E1E2B}.Debug|Mixed Platforms.ActiveCfg = Debug|x86
		{BADEA4A1-3475-482B-BD05-A57ADC7E1E2B}.Debug|Mixed Platforms.Build.0 = Debug|x86
		{BADEA4A1-3475-482B-BD05-A57ADC7E1E2B}.Debug|x86.ActiveCfg = Debug|x86
		{BADEA4A1-3475-482B-BD05-A57ADC7E1E2B}.Debug|x86.Build.0 = Debug|x86
		{BADEA4A1-3475-482B-BD05-A57ADC7E1E2B}.Release|Any CPU.ActiveCfg = Release|x86
		{BADEA4A1-3475-482B-BD05-A57ADC7E1E2B}.Release|Mixed Platforms.ActiveCfg = Release|x86
		{BADEA4A1-3475-482B-BD05-A57ADC7E1E2B}.Release|Mixed Platforms.Build.0 = Release|x86
		{BADEA4A1-3475-482B-BD05-A57ADC7E1E2B}.Release|x86.ActiveCfg = Release|x86
		{BADEA4A1-3475-482B-BD05-A57ADC7E1E2B}.Release|x86.Build.0 = Release|x86
		{C4A85D54-C86F-4491-81B0-AB703C481452}.Debug|Any CPU.ActiveCfg = Debug|x86
		{C4A85D54-C86F-4491-81B0-AB703C481452}.Debug|Mixed Platforms.ActiveCfg = Debug|x86
		{C4A85D54-C86F-4491-81B0-AB703C481452}.Debug|Mixed Platforms.Build.0 = Debug|x86
		{C4A85D54-C86F-4491-81B0-AB703C481452}.Debug|x86.ActiveCfg = Debug|x86
		{C4A85D54-C86F-4491-81B0-AB703C481452}.Debug|x86.Build.0 = Debug|x86
		{C4A85D54-C86F-4491-81B0-AB703C481452}.Release|Any CPU.ActiveCfg = Release|x86
		{C4A85D54-C86F-4491-81B0-AB703C481452}.Release|Mixed Platforms.ActiveCfg = Release|x86
		{C4A85D54-C86F-4491-81B0-AB703C481452}.Release|Mixed Platforms.Build.0 = Release|x86
		{C4A85D54-C86F-4491-81B0-AB703C481452}.Release|x86.ActiveCfg = Release|x86
		{C4A85D54-C86F-4491-81B0-AB703C481452}.Release|x86.Build.0 = Release|x86
		{0FD71B9B-5CD7-400F-87AE-9BE578C3BBAF}.Debug|Any CPU.ActiveCfg = Debug|x86
		{0FD71B9B-5CD7-400F-87AE-9BE578C3BBAF}.Debug|Mixed Platforms.ActiveCfg = Debug|x86
		{0FD71B9B-5CD7-400F-87AE-9BE578C3BBAF}.Debug|Mixed Platforms.Build.0 = Debug|x86
		{0FD71B9B-5CD7-400F-87AE-9BE578C3BBAF}.Debug|x86.ActiveCfg = Debug|x86
		{0FD71B9B-5CD7-400F-87AE-9BE578C3BBAF}.Debug|x86.Build.0 = Debug|x86
		{0FD71B9B-5CD7-400F-87AE-9BE578C3BBAF}.Release|Any CPU.ActiveCfg = Release|x86
		{0FD71B9B-5CD7-400F-87AE-9BE578C3BBAF}.Release|Mixed Platforms.ActiveCfg = Release|x86
		{0FD71B9B-5CD7-400F-87AE-9BE578C3BBAF}.Release|Mixed Platforms.Build.0 = Release|x86
		{0FD71B9B-5CD7-400F-87AE-9BE578C3BBAF}.Release|x86.ActiveCfg = Release|x86
		{0FD71B9B-5CD7-400F-87AE-9BE578C3BBAF}.Release|x86.Build.0 = Release|x86
		{4A7239F4-6ECF-490F-B4C1-2E5A7A3D6EE0}.Debug|Any CPU.ActiveCfg = Debug|x86
		{4A7239F4-6ECF-490F-B4C1-2E5A7A3D6EE0}.Debug|Mixed Platforms.ActiveCfg = Debug|x86
		{4A7239F4-6ECF-490F-B4C1-2E5A7A3D6EE0}.Debug|Mixed Platforms.Build.0 = Debug|x86
		{4A7239F4-6ECF-490F-B4C1-2E5A7A3D6EE0}.Debug|x86.ActiveCfg = Debug|x86
		{4A7239F4-6ECF-490F-B4C1-2E5A7A3D6EE0}.Debug|x86.Build.0 = Debug|x86
		{4A7239F4-6ECF-490F-B4C1-2E5A7A3D6EE0}.Release|Any CPU.ActiveCfg = Release|x86
		{4A7239F4-6ECF-490F-B4C1-2E5A7A3D6EE0}.Release|Mixed Platforms.ActiveCfg = Release|x86
		{4A7239F4-6ECF-490F-B4C1-2E5A7A3D6EE0}.Release|Mixed Platforms.Build.0 = Release|x86
		{4A7239F4-6ECF-490F-B4C1-2E5A7A3D6EE0}.Release|x86.ActiveCfg = Release|x86
		{4A7239F4-6ECF-490F-B4C1-2E5A7A3D6EE0}.Release|x86.Build.0 = Release|x86
		{1CDC4693-451D-454A-A2B4-D5240A1CF9BA}.Debug|Any CPU.ActiveCfg = Debug|x86
		{1CDC4693-451D-454A-A2B4-D5240A1CF9BA}.Debug|Mixed Platforms.ActiveCfg = Debug|x86
		{1CDC4693-451D-454A-A2B4-D5240A1CF9BA}.Debug|Mixed Platforms.Build.0 = Debug|x86
		{1CDC4693-451D-454A-A2B4-D5240A1CF9BA}.Debug|x86.ActiveCfg = Debug|x86
		{1CDC4693-451D-454A-A2B4-D5240A1CF9BA}.Debug|x86.Build.0 = Debug|x86
		{1CDC4693-451D-454A-A2B4-D5240A1CF9BA}.Release|Any CPU.ActiveCfg = Release|x86
		{1CDC4693-451D-454A-A2B4-D5240A1CF9BA}.Release|Mixed Platforms.ActiveCfg = Release|x86
		{1CDC4693-451D-454A-A2B4-D5240A1CF9BA}.Release|Mixed Platforms.Build.0 = Release|x86
		{1CDC4693-451D-454A-A2B4-D5240A1CF9BA}.Release|x86.ActiveCfg = Release|x86
		{1CDC4693-451D-454A-A2B4-D5240A1CF9BA}.Release|x86.Build.0 = Release|x86
		{A38AAF00-C56A-41FF-8B1A-D3CEAD97B8E0}.Debug|Any CPU.ActiveCfg = Debug|x86
		{A38AAF00-C56A-41FF-8B1A-D3CEAD97B8E0}.Debug|Mixed Platforms.ActiveCfg = Debug|x86
		{A38AAF00-C56A-41FF-8B1A-D3CEAD97B8E0}.Debug|Mixed Platforms.Build.0 = Debug|x86
		{A38AAF00-C56A-41FF-8B1A-D3CEAD97B8E0}.Debug|x86.ActiveCfg = Debug|x86
		{A38AAF00-C56A-41FF-8B1A-D3CEAD97B8E0}.Debug|x86.Build.0 = Debug|x86
		{A38AAF00-C56A-41FF-8B1A-D3CEAD97B8E0}.Release|Any CPU.ActiveCfg = Release|x86
		{A38AAF00-C56A-41FF-8B1A-D3CEAD97B8E0}.Release|Mixed Platforms.ActiveCfg = Release|x86
		{A38AAF00-C56A-41FF-8B1A-D3CEAD97B8E0}.Release|Mixed Platforms.Build.0 = Release|x86
		{A38AAF00-C56A-41FF-8B1A-D3CEAD97B8E0}.Release|x86.ActiveCfg = Release|x86
		{A38AAF00-C56A-41FF-8B1A-D3CEAD97B8E0}.Release|x86.Build.0 = Release|x86
		{1692D57C-DCC3-4C2B-8C33-2B56F0594FED}.Debug|Any CPU.ActiveCfg = Debug|x86
		{1692D57C-DCC3-4C2B-8C33-2B56F0594FED}.Debug|Mixed Platforms.ActiveCfg = Debug|x86
		{1692D57C-DCC3-4C2B-8C33-2B56F0594FED}.Debug|Mixed Platforms.Build.0 = Debug|x86
		{1692D57C-DCC3-4C2B-8C33-2B56F0594FED}.Debug|x86.ActiveCfg = Debug|x86
		{1692D57C-DCC3-4C2B-8C33-2B56F0594FED}.Debug|x86.Build.0 = Debug|x86
		{1692D57C-DCC3-4C2B-8C33-2B56F0594FED}.Release|Any CPU.ActiveCfg = Release|x86
		{1692D57C-DCC3-4C2B-8C33-2B56F0594FED}.Release|Mixed Platforms.ActiveCfg = Release|x86
		{1692D57C-DCC3-4C2B-8C33-2B56F0594FED}.Release|Mixed Platforms.Build.0 = Release|x86
		{1692D57C-DCC3-4C2B-8C33-2B56F0594FED}.Release|x86.ActiveCfg = Release|x86
		{1692D57C-DCC3-4C2B-8C33-2B56F0594FED}.Release|x86.Build.0 = Release|x86
	EndGlobalSection
	GlobalSection(SolutionProperties) = preSolution
		HideSolutionNode = FALSE
	EndGlobalSection
	GlobalSection(NestedProjects) = preSolution
		{F48B2E42-A3BE-47AF-9B5E-25D3F4CF721C} = {0D427149-166D-4DA2-8200-AC90D09861F6}
		{DB17A8BF-0C24-48D2-ADEF-D2945C00AD8D} = {0D427149-166D-4DA2-8200-AC90D09861F6}
		{9A02679D-276E-450E-803D-02D9D0B23389} = {0D427149-166D-4DA2-8200-AC90D09861F6}
		{B64439A8-025C-4689-A3FE-EE09E5EAD842} = {0D427149-166D-4DA2-8200-AC90D09861F6}
		{144B1445-07D0-47E0-AD29-2AD4AE56820F} = {0D427149-166D-4DA2-8200-AC90D09861F6}
		{EA97DDD3-A86D-44AC-88BE-81E6CE8381A6} = {0D427149-166D-4DA2-8200-AC90D09861F6}
		{605E9989-51B7-4787-86B6-D9F8B906CAF1} = {0D427149-166D-4DA2-8200-AC90D09861F6}
		{55B10379-56BD-453D-8D33-F2A773D4C0B6} = {0D427149-166D-4DA2-8200-AC90D09861F6}
		{0362E3C9-1779-4C45-AC94-FD50DE3DC486} = {0D427149-166D-4DA2-8200-AC90D09861F6}
		{D3605741-998F-4D05-9DFE-95B9330B91DF} = {0D427149-166D-4DA2-8200-AC90D09861F6}
		{650A4B9D-E7A5-4E58-B947-0654201ED3C5} = {0D427149-166D-4DA2-8200-AC90D09861F6}
		{CBA7AFA4-8821-4321-A4CD-FECD17707775} = {0D427149-166D-4DA2-8200-AC90D09861F6}
		{62E246FB-8FC9-4F9B-9C78-5B1EC48CBAC5} = {0D427149-166D-4DA2-8200-AC90D09861F6}
		{3F99999B-5AE0-42AE-9F95-74F18CC3AD83} = {0D427149-166D-4DA2-8200-AC90D09861F6}
		{B64E7123-6062-423E-83B4-B4DBCAE33234} = {0D427149-166D-4DA2-8200-AC90D09861F6}
		{97F8BB1D-CA55-4A4D-9601-4917FB657212} = {0D427149-166D-4DA2-8200-AC90D09861F6}
		{F6D57B0A-CEFF-4B64-9A3F-EAA1917BEB16} = {0D427149-166D-4DA2-8200-AC90D09861F6}
		{FB73B971-7ADC-4677-B88F-20BD48B7C389} = {0D427149-166D-4DA2-8200-AC90D09861F6}
		{FAE25E78-B936-4EFF-9FAE-3A8C5AB84A58} = {0D427149-166D-4DA2-8200-AC90D09861F6}
		{F09E04DA-AFB3-411D-B8D1-EC0D53E9860B} = {0D427149-166D-4DA2-8200-AC90D09861F6}
		{68708775-E384-487F-BCF1-CEA3406C7928} = {0D427149-166D-4DA2-8200-AC90D09861F6}
		{A2D5C1AE-AFD6-4335-A429-F0EC4C900F26} = {0D427149-166D-4DA2-8200-AC90D09861F6}
		{D8C6EDA9-63E9-4CCA-A1B0-BD652032B842} = {0D427149-166D-4DA2-8200-AC90D09861F6}
		{D866FAFD-153A-4D42-A1BC-10C812BB6201} = {0D427149-166D-4DA2-8200-AC90D09861F6}
		{70022017-0998-4297-98C8-5D78BDCFCF7F} = {0D427149-166D-4DA2-8200-AC90D09861F6}
		{F144A6B2-6A06-45EA-B05D-5C774909465A} = {0D427149-166D-4DA2-8200-AC90D09861F6}
		{86B8610F-B065-40B8-956A-BDFFEBEFCDB9} = {0D427149-166D-4DA2-8200-AC90D09861F6}
		{195BD081-0455-4416-BED9-3FB4597572D5} = {0D427149-166D-4DA2-8200-AC90D09861F6}
		{3AD9C893-B26A-40E0-B17A-3E7EBF4A3DB6} = {0D427149-166D-4DA2-8200-AC90D09861F6}
		{9DD33064-BD7F-425E-8E3A-BC9539D932B4} = {0D427149-166D-4DA2-8200-AC90D09861F6}
		{F2727098-612A-48B3-B6FC-FF814DD37D01} = {0D427149-166D-4DA2-8200-AC90D09861F6}
		{C774DC0B-2BD7-4A04-B6B4-AD587416C3B1} = {0D427149-166D-4DA2-8200-AC90D09861F6}
		{2E0F4C60-C111-419E-858E-D96F03B519E2} = {0D427149-166D-4DA2-8200-AC90D09861F6}
		{FA46A935-9EB4-4741-978B-72FE0245577D} = {0D427149-166D-4DA2-8200-AC90D09861F6}
		{954CCD9A-0600-4164-B3A8-799D1BF7AF8D} = {0D427149-166D-4DA2-8200-AC90D09861F6}
		{B125A289-029E-4E7E-9599-9B3F05297EBC} = {0D427149-166D-4DA2-8200-AC90D09861F6}
		{580DB496-57CB-48A5-A252-909F67452E0B} = {0D427149-166D-4DA2-8200-AC90D09861F6}
		{8451E0CC-28FB-49B0-A904-281C553DEE27} = {0D427149-166D-4DA2-8200-AC90D09861F6}
		{5B504B19-EFE6-4EF9-B3D4-1471290E325E} = {0D427149-166D-4DA2-8200-AC90D09861F6}
		{BB9F83C4-F0A7-4644-AA68-627166337961} = {0D427149-166D-4DA2-8200-AC90D09861F6}
		{BFF66DD2-49A4-4603-96DF-B1109A348F6F} = {0D427149-166D-4DA2-8200-AC90D09861F6}
		{78E78027-5217-420E-B7B9-1C9E492438F5} = {0D427149-166D-4DA2-8200-AC90D09861F6}
		{D695C862-79C9-4868-A4A1-CEB3D381D55C} = {0D427149-166D-4DA2-8200-AC90D09861F6}
		{5CB24183-EFD6-4CCB-A546-E8A5D4CCF086} = {0D427149-166D-4DA2-8200-AC90D09861F6}
		{88DE40F1-A808-4195-BF0C-72771AA04058} = {0D427149-166D-4DA2-8200-AC90D09861F6}
		{4310001F-F35F-4874-A165-33A5EC6EA32B} = {0D427149-166D-4DA2-8200-AC90D09861F6}
		{8B230C24-4CAE-4DCD-9D1B-CAAD45325E53} = {0D427149-166D-4DA2-8200-AC90D09861F6}
		{7D80E670-6FE8-4541-86E2-7ABB91873B87} = {0D427149-166D-4DA2-8200-AC90D09861F6}
		{95C7001A-AC6B-4CBF-B849-151901EE1EC5} = {0D427149-166D-4DA2-8200-AC90D09861F6}
		{01D3EF5C-6E7A-46EA-A401-A51442909D77} = {0D427149-166D-4DA2-8200-AC90D09861F6}
		{E2E6ECED-3FE1-4525-8814-33D26BA70812} = {0D427149-166D-4DA2-8200-AC90D09861F6}
		{83366831-1EDB-40E1-A8F2-D4B7B14B47D8} = {0D427149-166D-4DA2-8200-AC90D09861F6}
		{62370006-C9B0-4896-849D-D19F113116A5} = {0D427149-166D-4DA2-8200-AC90D09861F6}
		{C6783503-3F10-40F7-8B62-BD29CE850397} = {0D427149-166D-4DA2-8200-AC90D09861F6}
		{06EF28D9-3401-4CF3-8C4B-82BEF8E33CA5} = {0D427149-166D-4DA2-8200-AC90D09861F6}
		{36A91B2C-DA38-466C-8640-641D0A8621E7} = {0D427149-166D-4DA2-8200-AC90D09861F6}
		{C9A7F322-12CB-4635-A648-A0903213ED7D} = {0D427149-166D-4DA2-8200-AC90D09861F6}
		{35E7437E-A0AE-4A74-99D1-C58311AFFA56} = {0D427149-166D-4DA2-8200-AC90D09861F6}
		{13AD0EFE-0958-4C87-83D5-DC2FEA372840} = {0D427149-166D-4DA2-8200-AC90D09861F6}
		{764AA955-DCB3-44D6-ACB3-5580E0F5243A} = {0D427149-166D-4DA2-8200-AC90D09861F6}
		{723F578B-5B62-4469-937B-1E7E932909A0} = {0D427149-166D-4DA2-8200-AC90D09861F6}
		{E0F31D55-F338-47A8-BB5B-FB820291B813} = {0D427149-166D-4DA2-8200-AC90D09861F6}
		{4D8D220A-963D-44CB-8516-AD210AB0F631} = {0D427149-166D-4DA2-8200-AC90D09861F6}
		{E5F1D88B-CE74-4B8B-BA2E-D1BB0A5CDF49} = {0D427149-166D-4DA2-8200-AC90D09861F6}
		{BADEA4A1-3475-482B-BD05-A57ADC7E1E2B} = {0D427149-166D-4DA2-8200-AC90D09861F6}
		{C4A85D54-C86F-4491-81B0-AB703C481452} = {0D427149-166D-4DA2-8200-AC90D09861F6}
		{0FD71B9B-5CD7-400F-87AE-9BE578C3BBAF} = {0D427149-166D-4DA2-8200-AC90D09861F6}
		{4A7239F4-6ECF-490F-B4C1-2E5A7A3D6EE0} = {0D427149-166D-4DA2-8200-AC90D09861F6}
		{A38AAF00-C56A-41FF-8B1A-D3CEAD97B8E0} = {0D427149-166D-4DA2-8200-AC90D09861F6}
		{D29A4F3A-EAAF-400A-A0B9-FFFE2FF750E4} = {F328E525-BDE5-4972-972A-9A2A09287974}
		{39E8A628-4EAE-4532-A507-88C7C72A8826} = {F328E525-BDE5-4972-972A-9A2A09287974}
		{EDDB109A-4214-4BEC-A4C3-E4E6522358B5} = {F328E525-BDE5-4972-972A-9A2A09287974}
		{BF662321-EC5A-4DCD-B377-E64341F38C92} = {F328E525-BDE5-4972-972A-9A2A09287974}
		{1CDC4693-451D-454A-A2B4-D5240A1CF9BA} = {F328E525-BDE5-4972-972A-9A2A09287974}
	EndGlobalSection
EndGlobal
